<?xml version="1.0" encoding="utf-8"?>
<Project ToolsVersion="4.0" xmlns="http://schemas.microsoft.com/developer/msbuild/2003">
  <ItemGroup>
    <Filter Include="소스 파일">
      <UniqueIdentifier>{4FC737F1-C7A5-4376-A066-2A32D752A2FF}</UniqueIdentifier>
      <Extensions>cpp;c;cc;cxx;c++;cppm;ixx;def;odl;idl;hpj;bat;asm;asmx</Extensions>
    </Filter>
    <Filter Include="헤더 파일">
      <UniqueIdentifier>{93995380-89BD-4b04-88EB-625FBE52EBFB}</UniqueIdentifier>
      <Extensions>h;hh;hpp;hxx;h++;hm;inl;inc;ipp;xsd</Extensions>
    </Filter>
    <Filter Include="리소스 파일">
      <UniqueIdentifier>{67DA6AB6-F800-4c08-8B7A-83BB121AAD01}</UniqueIdentifier>
      <Extensions>rc;ico;cur;bmp;dlg;rc2;rct;bin;rgs;gif;jpg;jpeg;jpe;resx;tiff;tif;png;wav;mfcribbon-ms</Extensions>
    </Filter>
    <Filter Include="ImGui">
      <UniqueIdentifier>{55b0e6a6-4814-4762-89ef-6f12939d3faf}</UniqueIdentifier>
    </Filter>
    <Filter Include="00. EditorApp">
      <UniqueIdentifier>{25b23eba-1e90-46da-8db9-5c2d5226f369}</UniqueIdentifier>
    </Filter>
    <Filter Include="01. UI">
      <UniqueIdentifier>{755db42b-d94d-4e59-b92f-0cab0f67a48e}</UniqueIdentifier>
    </Filter>
    <Filter Include="02. Tool">
      <UniqueIdentifier>{6f426ab6-269b-4ac8-be5d-c8657c39e759}</UniqueIdentifier>
    </Filter>
    <Filter Include="03. Scene">
      <UniqueIdentifier>{7f07e145-f792-444c-b3c9-d64cf390d1cb}</UniqueIdentifier>
    </Filter>
    <Filter Include="04. Object">
      <UniqueIdentifier>{7af11f32-7649-463f-8efc-c4fbae865bb9}</UniqueIdentifier>
    </Filter>
    <Filter Include="05. Picking">
      <UniqueIdentifier>{f02009dc-479b-42f1-af07-5c384c48f128}</UniqueIdentifier>
    </Filter>
    <Filter Include="06. Resource">
      <UniqueIdentifier>{42153627-2682-4223-83d7-892b0df52268}</UniqueIdentifier>
    </Filter>
    <Filter Include="01. UI\00. MainMenuBar">
      <UniqueIdentifier>{f03f3594-eb77-4a7d-ac30-e8d5e9b7395f}</UniqueIdentifier>
    </Filter>
    <Filter Include="01. UI\01. ToolBar">
      <UniqueIdentifier>{50a4dad4-7e4a-41ac-882b-7aa1430f9b8f}</UniqueIdentifier>
    </Filter>
    <Filter Include="01. UI\02. Hierarchy">
      <UniqueIdentifier>{dd0d4892-8ba1-47cd-94ba-6a4b754f09d0}</UniqueIdentifier>
    </Filter>
    <Filter Include="01. UI\03. Inspector">
      <UniqueIdentifier>{5993b022-36a0-43a6-a12c-030f5749913b}</UniqueIdentifier>
    </Filter>
    <Filter Include="03. Scene\00. EditorScene">
      <UniqueIdentifier>{10508fc0-eae7-468d-9005-aa7f858c65e1}</UniqueIdentifier>
    </Filter>
    <Filter Include="03. Scene\01. EditorCamera">
      <UniqueIdentifier>{b4a5e96d-9291-4aa7-a025-22b86b0ea7f2}</UniqueIdentifier>
    </Filter>
    <Filter Include="03. Scene\02. Grid">
      <UniqueIdentifier>{37e71054-544d-4c70-ac6f-b40aac93dbc1}</UniqueIdentifier>
    </Filter>
    <Filter Include="04. Object\00. EditorObject">
      <UniqueIdentifier>{83fab8af-b274-49e0-9c24-e4c1dbda488d}</UniqueIdentifier>
    </Filter>
    <Filter Include="04. Object\01. EditorTile">
      <UniqueIdentifier>{41776c57-6177-429b-8193-b4ca49bc7618}</UniqueIdentifier>
    </Filter>
    <Filter Include="04. Object\02. EditorCube">
      <UniqueIdentifier>{1d564abe-65a6-40f6-b3b5-caf177d508d0}</UniqueIdentifier>
    </Filter>
    <Filter Include="05. Picking\00. MousePicker">
      <UniqueIdentifier>{3f8edbc1-9878-4c70-b1fc-485cc02b4b61}</UniqueIdentifier>
    </Filter>
    <Filter Include="05. Picking\01. SelectionManager">
      <UniqueIdentifier>{f34ddef7-18d8-4eb6-a1b8-eb1197276225}</UniqueIdentifier>
    </Filter>
    <Filter Include="02. Tool\00. FileIO">
      <UniqueIdentifier>{b875c117-49c3-43c1-a7ee-4db0940b9d3c}</UniqueIdentifier>
    </Filter>
    <Filter Include="ImGuizmo">
      <UniqueIdentifier>{517d3bde-d627-4f5e-b81b-afd4f46b814b}</UniqueIdentifier>
    </Filter>
    <Filter Include="04. Object\03. EditorWall">
      <UniqueIdentifier>{133ccb1c-3f7f-4c86-82b2-0b8d157a91d9}</UniqueIdentifier>
    </Filter>
    <Filter Include="04. Object\04. EditorFloor">
      <UniqueIdentifier>{a873db56-0294-4243-963a-b75252bd9816}</UniqueIdentifier>
    </Filter>
    <Filter Include="04. Object\05. EditorCeiling">
      <UniqueIdentifier>{be18d714-f7ba-40ca-be74-1a8e53c8c127}</UniqueIdentifier>
    </Filter>
    <Filter Include="04. Object\06. EditorSpawnPoint">
      <UniqueIdentifier>{db2d9c86-d796-442e-986c-8fee47e714ae}</UniqueIdentifier>
    </Filter>
    <Filter Include="04. Object\04. EditorFloor\DynamicFloor">
      <UniqueIdentifier>{a1528ea3-3528-4e92-a13e-488a85d3dc8e}</UniqueIdentifier>
    </Filter>
    <Filter Include="04. Object\04. EditorFloor\SlopeFloor">
      <UniqueIdentifier>{dd48ba29-d43a-43a4-a9a2-f9b145dcf1fb}</UniqueIdentifier>
    </Filter>
    <Filter Include="03. Scene\03. EffectScene">
      <UniqueIdentifier>{3511c0cc-eaff-4f55-b9c5-99bc5283809f}</UniqueIdentifier>
    </Filter>
    <Filter Include="01. UI\04. EffectToolBar">
      <UniqueIdentifier>{1cfb7e5c-c891-46ec-b7c4-0e6b50b330d0}</UniqueIdentifier>
    </Filter>
    <Filter Include="07. Effect">
      <UniqueIdentifier>{2265b532-a674-4aff-8802-bad35e2e5e5e}</UniqueIdentifier>
    </Filter>
    <Filter Include="07. Effect\00. Blood">
      <UniqueIdentifier>{94609920-62ee-446d-afab-7d51198d9e08}</UniqueIdentifier>
    </Filter>
    <Filter Include="07. Effect\01. Trail">
      <UniqueIdentifier>{058dba63-f431-4d7d-9394-ce9ec25c99d5}</UniqueIdentifier>
    </Filter>
    <Filter Include="07. Effect\02. Flare">
      <UniqueIdentifier>{6c30d27c-4cb6-4bf7-943d-5c0a19b5e107}</UniqueIdentifier>
    </Filter>
    <Filter Include="07. Effect\03. Explosion">
      <UniqueIdentifier>{2a4ff037-f20c-4090-8f5c-5cc5b2436474}</UniqueIdentifier>
    </Filter>
    <Filter Include="07. Effect\04. BeamFlare">
      <UniqueIdentifier>{3943d88a-0cba-403d-b956-80de54e4bfcb}</UniqueIdentifier>
    </Filter>
    <Filter Include="07. Effect\05. BodyEmit">
      <UniqueIdentifier>{4a76c965-b8b7-4de3-bd7e-39e08d2de567}</UniqueIdentifier>
    </Filter>
    <Filter Include="07. Effect\06. HitUI">
      <UniqueIdentifier>{a934a0d9-d1db-4866-9b17-0610833b960b}</UniqueIdentifier>
    </Filter>
    <Filter Include="07. Effect\07. BossTrail">
      <UniqueIdentifier>{dcefb232-8529-4623-ac14-7046227beb38}</UniqueIdentifier>
    </Filter>
    <Filter Include="07. Effect\01. Trail">
      <UniqueIdentifier>{058dba63-f431-4d7d-9394-ce9ec25c99d5}</UniqueIdentifier>
    </Filter>
    <Filter Include="04. Object\07. EditorMapCollider">
      <UniqueIdentifier>{77ea6093-000a-4a9e-871d-0eff17aeab19}</UniqueIdentifier>
    </Filter>
    <Filter Include="04. Object\08. EditorTriggerBox">
      <UniqueIdentifier>{524562fc-cbc6-4c07-bd4c-c72328ffd0df}</UniqueIdentifier>
    </Filter>
    <Filter Include="07. Effect\08. TakeDownBlood">
      <UniqueIdentifier>{43f5b21b-5347-4be5-b0bf-66c124b94a1b}</UniqueIdentifier>
    </Filter>
    <Filter Include="04. Object\03. EditorWall\DynamicWall">
      <UniqueIdentifier>{fc4b4b76-49ff-4491-9e1f-1597048c5874}</UniqueIdentifier>
    </Filter>
    <Filter Include="07. Effect\09. ToonFlash">
      <UniqueIdentifier>{799b6730-6cc3-4593-a688-6f2cc7f9c7e3}</UniqueIdentifier>
    </Filter>
    <Filter Include="07. Effect\10. ToonFog">
      <UniqueIdentifier>{f81cc1b8-57b4-4105-b977-ddfc141e24ab}</UniqueIdentifier>
    </Filter>
    <Filter Include="04. Object\09. EditorDoor">
      <UniqueIdentifier>{ab90666c-d360-4663-a450-08fe4e326e1c}</UniqueIdentifier>
    </Filter>
    <Filter Include="07. Effect\11. BossHPUI">
      <UniqueIdentifier>{9503a0b2-d26a-4aa7-8f86-21ea756ddde5}</UniqueIdentifier>
    </Filter>
    <Filter Include="07. Effect\12. SodaUI">
      <UniqueIdentifier>{b7549046-d283-4417-8e4d-f6ef3387a57d}</UniqueIdentifier>
    </Filter>
  </ItemGroup>
  <ItemGroup>
    <ClInclude Include="framework.h">
      <Filter>헤더 파일</Filter>
    </ClInclude>
    <ClInclude Include="targetver.h">
      <Filter>헤더 파일</Filter>
    </ClInclude>
    <ClInclude Include="Resource.h">
      <Filter>헤더 파일</Filter>
    </ClInclude>
    <ClInclude Include="Editor.h">
      <Filter>헤더 파일</Filter>
    </ClInclude>
    <ClInclude Include="pch.h">
      <Filter>헤더 파일</Filter>
    </ClInclude>
    <ClInclude Include="..\ImGui\imconfig.h">
      <Filter>ImGui</Filter>
    </ClInclude>
    <ClInclude Include="..\ImGui\imgui.h">
      <Filter>ImGui</Filter>
    </ClInclude>
    <ClInclude Include="..\ImGui\imgui_impl_dx9.h">
      <Filter>ImGui</Filter>
    </ClInclude>
    <ClInclude Include="..\ImGui\imgui_impl_win32.h">
      <Filter>ImGui</Filter>
    </ClInclude>
    <ClInclude Include="..\ImGui\imgui_internal.h">
      <Filter>ImGui</Filter>
    </ClInclude>
    <ClInclude Include="..\ImGui\imstb_rectpack.h">
      <Filter>ImGui</Filter>
    </ClInclude>
    <ClInclude Include="..\ImGui\imstb_textedit.h">
      <Filter>ImGui</Filter>
    </ClInclude>
    <ClInclude Include="..\ImGui\imstb_truetype.h">
      <Filter>ImGui</Filter>
    </ClInclude>
    <ClInclude Include="..\Header\CEditorApp.h">
      <Filter>00. EditorApp</Filter>
    </ClInclude>
    <ClInclude Include="..\Header\CMainMenuBar.h">
      <Filter>01. UI\00. MainMenuBar</Filter>
    </ClInclude>
    <ClInclude Include="..\Header\CToolBar.h">
      <Filter>01. UI\01. ToolBar</Filter>
    </ClInclude>
    <ClInclude Include="..\Header\CHierarchy.h">
      <Filter>01. UI\02. Hierarchy</Filter>
    </ClInclude>
    <ClInclude Include="..\Header\CInspector.h">
      <Filter>01. UI\03. Inspector</Filter>
    </ClInclude>
    <ClInclude Include="..\Header\CEditorScene.h">
      <Filter>03. Scene\00. EditorScene</Filter>
    </ClInclude>
    <ClInclude Include="..\Header\CEditorCamera.h">
      <Filter>03. Scene\01. EditorCamera</Filter>
    </ClInclude>
    <ClInclude Include="..\Header\CGrid.h">
      <Filter>03. Scene\02. Grid</Filter>
    </ClInclude>
    <ClInclude Include="..\Header\CEditorObject.h">
      <Filter>04. Object\00. EditorObject</Filter>
    </ClInclude>
    <ClInclude Include="..\Header\CEditorTile.h">
      <Filter>04. Object\01. EditorTile</Filter>
    </ClInclude>
    <ClInclude Include="..\Header\CEditorCube.h">
      <Filter>04. Object\02. EditorCube</Filter>
    </ClInclude>
    <ClInclude Include="..\Header\CMousePicker.h">
      <Filter>05. Picking\00. MousePicker</Filter>
    </ClInclude>
    <ClInclude Include="..\Header\CSelectionMgr.h">
      <Filter>05. Picking\01. SelectionManager</Filter>
    </ClInclude>
    <ClInclude Include="..\Header\CFileIO.h">
      <Filter>02. Tool\00. FileIO</Filter>
    </ClInclude>
    <ClInclude Include="..\Header\json.hpp">
      <Filter>06. Resource</Filter>
    </ClInclude>
    <ClInclude Include="..\ImGuizmo\ImGuizmo.h">
      <Filter>ImGuizmo</Filter>
    </ClInclude>
    <ClInclude Include="..\Header\CEditorWall.h">
      <Filter>04. Object\03. EditorWall</Filter>
    </ClInclude>
    <ClInclude Include="..\Header\CEditorFloor.h">
      <Filter>04. Object\04. EditorFloor</Filter>
    </ClInclude>
    <ClInclude Include="..\Header\CEditorCeiling.h">
      <Filter>04. Object\05. EditorCeiling</Filter>
    </ClInclude>
    <ClInclude Include="..\Header\CEditorSpawnPoint.h">
      <Filter>04. Object\06. EditorSpawnPoint</Filter>
    </ClInclude>
    <ClInclude Include="..\Header\CEditorDynamicFloor.h">
      <Filter>04. Object\04. EditorFloor\DynamicFloor</Filter>
    </ClInclude>
    <ClInclude Include="..\Header\CEditorSlopeFloor.h">
      <Filter>04. Object\04. EditorFloor\SlopeFloor</Filter>
    </ClInclude>
    <ClInclude Include="..\Header\CEffectScene.h">
      <Filter>03. Scene\03. EffectScene</Filter>
    </ClInclude>
    <ClInclude Include="..\Header\CEffectToolBar.h">
      <Filter>01. UI\04. EffectToolBar</Filter>
    </ClInclude>
    <ClInclude Include="..\Header\CBlood.h">
      <Filter>07. Effect\00. Blood</Filter>
    </ClInclude>
    <ClInclude Include="..\Header\CEditorMapCollider.h">
      <Filter>04. Object\07. EditorMapCollider</Filter>
    </ClInclude>
    <ClInclude Include="..\Header\CEditorTriggerBox.h">
      <Filter>04. Object\08. EditorTriggerBox</Filter>
    </ClInclude>
    <ClInclude Include="..\Header\CTrail.h">
      <Filter>07. Effect\01. Trail</Filter>
    </ClInclude>
    <ClInclude Include="..\Header\CFlare.h">
      <Filter>07. Effect\02. Flare</Filter>
    </ClInclude>
    <ClInclude Include="..\Header\CExplosion.h">
      <Filter>07. Effect\03. Explosion</Filter>
    </ClInclude>
    <ClInclude Include="..\Header\CBodyEmit.h">
      <Filter>07. Effect\05. BodyEmit</Filter>
    </ClInclude>
    <ClInclude Include="..\Header\CBeamFlare.h">
      <Filter>07. Effect\04. BeamFlare</Filter>
    </ClInclude>
    <ClInclude Include="..\Header\CBossTrail.h">
      <Filter>07. Effect\07. BossTrail</Filter>
    </ClInclude>
    <ClInclude Include="..\Header\CHitUI.h">
      <Filter>07. Effect\06. HitUI</Filter>
    </ClInclude>
    <ClInclude Include="..\Header\CTakeDownBlood.h">
      <Filter>07. Effect\08. TakeDownBlood</Filter>
    </ClInclude>
    <ClInclude Include="..\Header\CEditorDynamicWall.h">
      <Filter>04. Object\03. EditorWall\DynamicWall</Filter>
    </ClInclude>
    <ClInclude Include="..\Header\CToonFlash.h">
      <Filter>07. Effect\09. ToonFlash</Filter>
    </ClInclude>
    <ClInclude Include="..\Header\CToonFog.h">
      <Filter>07. Effect\10. ToonFog</Filter>
    </ClInclude>
    <ClInclude Include="..\Header\CEditorDoor.h">
      <Filter>04. Object\09. EditorDoor</Filter>
    </ClInclude>
    <ClInclude Include="..\Header\CBossHPUI.h">
      <Filter>07. Effect\11. BossHPUI</Filter>
    </ClInclude>
    <ClInclude Include="..\Header\CSodaUI.h">
      <Filter>07. Effect\12. SodaUI</Filter>
    </ClInclude>
  </ItemGroup>
  <ItemGroup>
    <ClCompile Include="Editor.cpp">
      <Filter>소스 파일</Filter>
    </ClCompile>
    <ClCompile Include="pch.cpp">
      <Filter>소스 파일</Filter>
    </ClCompile>
    <ClCompile Include="..\ImGui\imgui.cpp">
      <Filter>ImGui</Filter>
    </ClCompile>
    <ClCompile Include="..\ImGui\imgui_demo.cpp">
      <Filter>ImGui</Filter>
    </ClCompile>
    <ClCompile Include="..\ImGui\imgui_draw.cpp">
      <Filter>ImGui</Filter>
    </ClCompile>
    <ClCompile Include="..\ImGui\imgui_impl_dx9.cpp">
      <Filter>ImGui</Filter>
    </ClCompile>
    <ClCompile Include="..\ImGui\imgui_impl_win32.cpp">
      <Filter>ImGui</Filter>
    </ClCompile>
    <ClCompile Include="..\ImGui\imgui_tables.cpp">
      <Filter>ImGui</Filter>
    </ClCompile>
    <ClCompile Include="..\ImGui\imgui_widgets.cpp">
      <Filter>ImGui</Filter>
    </ClCompile>
    <ClCompile Include="..\Code\CEditorApp.cpp">
      <Filter>00. EditorApp</Filter>
    </ClCompile>
    <ClCompile Include="..\Code\CMainMenuBar.cpp">
      <Filter>01. UI\00. MainMenuBar</Filter>
    </ClCompile>
    <ClCompile Include="..\Code\CToolBar.cpp">
      <Filter>01. UI\01. ToolBar</Filter>
    </ClCompile>
    <ClCompile Include="..\Code\CHierarchy.cpp">
      <Filter>01. UI\02. Hierarchy</Filter>
    </ClCompile>
    <ClCompile Include="..\Code\CInspector.cpp">
      <Filter>01. UI\03. Inspector</Filter>
    </ClCompile>
    <ClCompile Include="..\Code\CEditorScene.cpp">
      <Filter>03. Scene\00. EditorScene</Filter>
    </ClCompile>
    <ClCompile Include="..\Code\CEditorCamera.cpp">
      <Filter>03. Scene\01. EditorCamera</Filter>
    </ClCompile>
    <ClCompile Include="..\Code\CGrid.cpp">
      <Filter>03. Scene\02. Grid</Filter>
    </ClCompile>
    <ClCompile Include="..\Code\CEditorObject.cpp">
      <Filter>04. Object\00. EditorObject</Filter>
    </ClCompile>
    <ClCompile Include="..\Code\CEditorTile.cpp">
      <Filter>04. Object\01. EditorTile</Filter>
    </ClCompile>
    <ClCompile Include="..\Code\CEditorCube.cpp">
      <Filter>04. Object\02. EditorCube</Filter>
    </ClCompile>
    <ClCompile Include="..\Code\CMousePicker.cpp">
      <Filter>05. Picking\00. MousePicker</Filter>
    </ClCompile>
    <ClCompile Include="..\Code\CSelectionMgr.cpp">
      <Filter>05. Picking\01. SelectionManager</Filter>
    </ClCompile>
    <ClCompile Include="..\Code\CFileIO.cpp">
      <Filter>02. Tool\00. FileIO</Filter>
    </ClCompile>
    <ClCompile Include="..\ImGuizmo\ImGuizmo.cpp">
      <Filter>ImGuizmo</Filter>
    </ClCompile>
    <ClCompile Include="..\Code\CEditorWall.cpp">
      <Filter>04. Object\03. EditorWall</Filter>
    </ClCompile>
    <ClCompile Include="..\Code\CEditorFloor.cpp">
      <Filter>04. Object\04. EditorFloor</Filter>
    </ClCompile>
    <ClCompile Include="..\Code\CEditorCeiling.cpp">
      <Filter>04. Object\05. EditorCeiling</Filter>
    </ClCompile>
    <ClCompile Include="..\Code\CEditorSpawnPoint.cpp">
      <Filter>04. Object\06. EditorSpawnPoint</Filter>
    </ClCompile>
    <ClCompile Include="..\Code\CEditorDynamicFloor.cpp">
      <Filter>04. Object\04. EditorFloor\DynamicFloor</Filter>
    </ClCompile>
    <ClCompile Include="..\Code\CEditorSlopeFloor.cpp">
      <Filter>04. Object\04. EditorFloor\SlopeFloor</Filter>
    </ClCompile>
    <ClCompile Include="..\Code\CEffectScene.cpp">
      <Filter>03. Scene\03. EffectScene</Filter>
    </ClCompile>
    <ClCompile Include="..\Code\CEffectToolBar.cpp">
      <Filter>01. UI\04. EffectToolBar</Filter>
    </ClCompile>
    <ClCompile Include="..\Code\CBlood.cpp">
      <Filter>07. Effect\00. Blood</Filter>
    </ClCompile>
    <ClCompile Include="..\Code\CEditorMapCollider.cpp">
      <Filter>04. Object\07. EditorMapCollider</Filter>
    </ClCompile>
    <ClCompile Include="..\Code\CEditorTriggerBox.cpp">
      <Filter>04. Object\08. EditorTriggerBox</Filter>
    </ClCompile>
    <ClCompile Include="..\Code\CTrail.cpp">
      <Filter>07. Effect\01. Trail</Filter>
    </ClCompile>
    <ClCompile Include="..\Code\CFlare.cpp">
      <Filter>07. Effect\02. Flare</Filter>
    </ClCompile>
    <ClCompile Include="..\Code\CExplosion.cpp">
      <Filter>07. Effect\03. Explosion</Filter>
    </ClCompile>
    <ClCompile Include="..\Code\CBodyEmit.cpp">
      <Filter>07. Effect\05. BodyEmit</Filter>
    </ClCompile>
    <ClCompile Include="..\Code\CBeamFlare.cpp">
      <Filter>07. Effect\04. BeamFlare</Filter>
    </ClCompile>
    <ClCompile Include="..\Code\CBossTrail.cpp">
      <Filter>07. Effect\07. BossTrail</Filter>
    </ClCompile>
    <ClCompile Include="..\Code\CHitUI.cpp">
      <Filter>07. Effect\06. HitUI</Filter>
    </ClCompile>
    <ClCompile Include="..\Code\CTakeDownBlood.cpp">
      <Filter>07. Effect\08. TakeDownBlood</Filter>
    </ClCompile>
    <ClCompile Include="..\Code\CEditorDynamicWall.cpp">
      <Filter>04. Object\03. EditorWall\DynamicWall</Filter>
    </ClCompile>
    <ClCompile Include="..\Code\CToonFlash.cpp">
      <Filter>07. Effect\09. ToonFlash</Filter>
    </ClCompile>
    <ClCompile Include="..\Code\CToonFog.cpp">
      <Filter>07. Effect\10. ToonFog</Filter>
    </ClCompile>
    <ClCompile Include="..\Code\CEditorDoor.cpp">
      <Filter>04. Object\09. EditorDoor</Filter>
    </ClCompile>
    <ClCompile Include="..\Code\CBossHPUI.cpp">
      <Filter>07. Effect\11. BossHPUI</Filter>
    </ClCompile>
    <ClCompile Include="..\Code\CSodaUI.cpp">
      <Filter>07. Effect\12. SodaUI</Filter>
    </ClCompile>
  </ItemGroup>
  <ItemGroup>
    <ResourceCompile Include="Editor.rc">
      <Filter>리소스 파일</Filter>
    </ResourceCompile>
  </ItemGroup>
  <ItemGroup>
    <Image Include="small.ico">
      <Filter>리소스 파일</Filter>
    </Image>
    <Image Include="Editor.ico">
      <Filter>리소스 파일</Filter>
    </Image>
  </ItemGroup>
</Project>