<?xml version="1.0" encoding="utf-8"?>
<Project ToolsVersion="4.0" xmlns="http://schemas.microsoft.com/developer/msbuild/2003">
  <ItemGroup>
    <Filter Include="소스 파일">
      <UniqueIdentifier>{4FC737F1-C7A5-4376-A066-2A32D752A2FF}</UniqueIdentifier>
      <Extensions>cpp;c;cc;cxx;c++;cppm;ixx;def;odl;idl;hpj;bat;asm;asmx</Extensions>
    </Filter>
    <Filter Include="헤더 파일">
      <UniqueIdentifier>{93995380-89BD-4b04-88EB-625FBE52EBFB}</UniqueIdentifier>
      <Extensions>h;hh;hpp;hxx;h++;hm;inl;inc;ipp;xsd</Extensions>
    </Filter>
    <Filter Include="00. MainApp">
      <UniqueIdentifier>{c4a5d2d4-8ba4-41ba-b39d-b3c57606384d}</UniqueIdentifier>
    </Filter>
    <Filter Include="01. Scene">
      <UniqueIdentifier>{785484d4-4b02-4e46-a061-3098ce72bd33}</UniqueIdentifier>
    </Filter>
    <Filter Include="02. GameObject">
      <UniqueIdentifier>{9d376134-9237-4e52-b6e1-74678947fe33}</UniqueIdentifier>
    </Filter>
    <Filter Include="01. Scene\01. Stage">
      <UniqueIdentifier>{c6063628-20e0-49ad-b456-57ec3a28790a}</UniqueIdentifier>
    </Filter>
    <Filter Include="01. Scene\01. Stage\00. TestStage">
      <UniqueIdentifier>{1d8c4842-5146-4708-b742-7cf82b1003ab}</UniqueIdentifier>
    </Filter>
    <Filter Include="02. GameObject\00. Character">
      <UniqueIdentifier>{ed4446a1-1899-4f4f-a815-58c6378adbba}</UniqueIdentifier>
    </Filter>
    <Filter Include="02. GameObject\00. Character\00. Player">
      <UniqueIdentifier>{61f971e4-45ff-4ad5-ab96-92c4f9a6ed8d}</UniqueIdentifier>
    </Filter>
    <Filter Include="02. GameObject\00. Character\99. TestCharacter">
      <UniqueIdentifier>{6f673fc3-69e7-4d07-9b32-3112f3926e97}</UniqueIdentifier>
    </Filter>
    <Filter Include="02. GameObject\00. Character\01. Monster">
      <UniqueIdentifier>{423088a2-c28e-4185-8b6a-4a5ffac47710}</UniqueIdentifier>
    </Filter>
    <Filter Include="02. GameObject\00. Character\01. Monster\00. WhiteMan">
      <UniqueIdentifier>{f4845fe8-8c7a-48cc-920e-37c3d716115b}</UniqueIdentifier>
    </Filter>
    <Filter Include="02. GameObject\01. FirstCamera">
      <UniqueIdentifier>{efed9df2-eb76-47cf-9fd6-cc2919cf7728}</UniqueIdentifier>
    </Filter>
    <Filter Include="02. GameObject\00. Character\00. Player\00.PlayerPart">
      <UniqueIdentifier>{cf450763-5c16-4250-ac61-ec419d054642}</UniqueIdentifier>
    </Filter>
    <Filter Include="02. GameObject\00. Character\00. Player\01.LeftPart">
      <UniqueIdentifier>{bf548432-2e54-4f4e-ac05-29dd683ecd33}</UniqueIdentifier>
    </Filter>
    <Filter Include="02. GameObject\00. Character\00. Player\02.RightPart">
      <UniqueIdentifier>{b68af5c4-154f-4b95-8796-870c103beea9}</UniqueIdentifier>
    </Filter>
    <Filter Include="02. GameObject\00. Character\00. Player\03.Middle">
      <UniqueIdentifier>{9d79274d-fc6b-4d57-a086-a0665d9464ca}</UniqueIdentifier>
    </Filter>
    <Filter Include="999.Sample">
      <UniqueIdentifier>{2e65fa5f-8f0b-41cf-8d9f-e4fe5969eb48}</UniqueIdentifier>
    </Filter>
    <Filter Include="리소스 파일">
      <UniqueIdentifier>{67DA6AB6-F800-4c08-8B7A-83BB121AAD01}</UniqueIdentifier>
      <Extensions>rc;ico;cur;bmp;dlg;rc2;rct;bin;rgs;gif;jpg;jpeg;jpe;resx;tiff;tif;png;wav;mfcribbon-ms</Extensions>
    </Filter>
    <Filter Include="01. Scene\01. Stage\01. MapStage">
      <UniqueIdentifier>{f30df1af-6373-4236-b9fe-abe37fc78b4b}</UniqueIdentifier>
    </Filter>
    <Filter Include="02. GameObject\99. Environment">
      <UniqueIdentifier>{fb01c617-0ba8-40f8-9e6a-3174534b7550}</UniqueIdentifier>
    </Filter>
    <Filter Include="03. Manager%28Hojun%29">
      <UniqueIdentifier>{44fd1cba-5089-4c11-98e8-ea13ec15bbd2}</UniqueIdentifier>
    </Filter>
    <Filter Include="03. Manager%28Hojun%29\00. MapLoader">
      <UniqueIdentifier>{db64e24e-5e04-40e9-a23f-e9ee296c4615}</UniqueIdentifier>
    </Filter>
    <Filter Include="02. GameObject\10. Bullet">
      <UniqueIdentifier>{b9d3330c-6115-4de4-8e12-82a8203e6bed}</UniqueIdentifier>
    </Filter>
    <Filter Include="02. GameObject\00. Character\01. Monster\01. BeamMon">
      <UniqueIdentifier>{3562e0a5-f952-4628-bfed-2b829fa08c96}</UniqueIdentifier>
    </Filter>
    <Filter Include="02. GameObject\00. Character\01. Monster\01. BeamMon\Beam">
      <UniqueIdentifier>{33507870-cd0f-47a9-be03-3430df8388c1}</UniqueIdentifier>
    </Filter>
    <Filter Include="02. GameObject\00. Character\01. Monster\02. FlyMon">
      <UniqueIdentifier>{39a0eab7-bc28-4d5e-9a69-1095d849c0e9}</UniqueIdentifier>
    </Filter>
    <Filter Include="02. GameObject\02.Weapon">
      <UniqueIdentifier>{b21344ed-8c65-4666-b48f-ce97852a760e}</UniqueIdentifier>
    </Filter>
    <Filter Include="02. GameObject\02.Weapon\Pistol">
      <UniqueIdentifier>{5f24d68b-aac9-42cd-8e32-23675dd96e6b}</UniqueIdentifier>
    </Filter>
    <Filter Include="02. GameObject\00. Character\02. Boss">
      <UniqueIdentifier>{0436d969-19c6-4403-b309-25eaa67f0dd1}</UniqueIdentifier>
    </Filter>
    <Filter Include="01. Scene\01. Stage\02. BossTestStage">
      <UniqueIdentifier>{04d88061-d5eb-4c6a-875c-49283c5875d8}</UniqueIdentifier>
    </Filter>
    <Filter Include="02. GameObject\10. Bullet\BossBullet">
      <UniqueIdentifier>{e7eee20e-6188-4ddb-8e63-38c6b7f80026}</UniqueIdentifier>
    </Filter>
    <Filter Include="02. GameObject\00. Character\02. Boss\Rocket">
      <UniqueIdentifier>{4984b130-26ea-46e7-b085-09c3268d713d}</UniqueIdentifier>
    </Filter>
    <Filter Include="02. GameObject\99. Environment\00. Terrain">
      <UniqueIdentifier>{56f144aa-528e-488e-a9c9-499a69316446}</UniqueIdentifier>
    </Filter>
    <Filter Include="02. GameObject\99. Environment\00. Terrain\00. Floor">
      <UniqueIdentifier>{a95c6d76-d798-479e-a7f4-f50fb06fbeed}</UniqueIdentifier>
    </Filter>
    <Filter Include="02. GameObject\99. Environment\00. Terrain\01. Ceiling">
      <UniqueIdentifier>{6ceb23c7-0c1b-4af9-a77d-c8a60b3fc62a}</UniqueIdentifier>
    </Filter>
    <Filter Include="02. GameObject\99. Environment\00. Terrain\02. Wall">
      <UniqueIdentifier>{6cf6218e-c410-4898-b859-90841f68fb0f}</UniqueIdentifier>
    </Filter>
    <Filter Include="02. GameObject\99. Environment\01. Object">
      <UniqueIdentifier>{943e9a83-6010-409a-be24-d94ce4a8d0b8}</UniqueIdentifier>
    </Filter>
    <Filter Include="02. GameObject\99. Environment\01. Object\03. Obstacle">
      <UniqueIdentifier>{201c3123-c49d-4acf-adf8-a738fccb6dfc}</UniqueIdentifier>
    </Filter>
    <Filter Include="01. Scene\02. Loading">
      <UniqueIdentifier>{034ad6be-3396-4232-b306-09501ab26c96}</UniqueIdentifier>
    </Filter>
    <Filter Include="02. GameObject\98. BackGround">
      <UniqueIdentifier>{bc5cf546-9147-47cc-9af4-103b080d0c88}</UniqueIdentifier>
    </Filter>
    <Filter Include="02. GameObject\02.Weapon\Katana">
      <UniqueIdentifier>{0622a69c-0483-4869-b18a-553d8af2e910}</UniqueIdentifier>
    </Filter>
    <Filter Include="04.UI">
      <UniqueIdentifier>{8a7c753d-2076-4f7a-bfa1-452380eee520}</UniqueIdentifier>
    </Filter>
    <Filter Include="04.UI\00.BaseUI">
      <UniqueIdentifier>{9b1cf752-3739-4e42-9848-a29a8abcd6aa}</UniqueIdentifier>
    </Filter>
    <Filter Include="04.UI\01.StaticUI">
      <UniqueIdentifier>{753aa42d-392d-45f6-a087-9d11e86bbf4b}</UniqueIdentifier>
    </Filter>
    <Filter Include="04.UI\02.DynamicUI">
      <UniqueIdentifier>{ad8da3ef-9ba8-4c95-bc2a-645ba1acfb0d}</UniqueIdentifier>
    </Filter>
    <Filter Include="04.UI\01.StaticUI\01.Phone_Back">
      <UniqueIdentifier>{9b00fd92-8983-4423-abcc-16010820e407}</UniqueIdentifier>
    </Filter>
    <Filter Include="02. GameObject\11. MapCollider">
      <UniqueIdentifier>{bd545b88-97bc-4240-9694-3bc3967717b1}</UniqueIdentifier>
    </Filter>
    <Filter Include="02. GameObject\12. Trigger">
      <UniqueIdentifier>{c3e03a26-b888-4a42-8e23-5584f9799a14}</UniqueIdentifier>
    </Filter>
    <Filter Include="02. GameObject\99. Environment\00. Terrain\00. Floor\DynamicFloor">
      <UniqueIdentifier>{13c447d0-1fdc-4d80-b15a-a10fd70a3a5d}</UniqueIdentifier>
    </Filter>
    <Filter Include="02. GameObject\99. Environment\00. Terrain\01. Ceiling\DynamicCeiling">
      <UniqueIdentifier>{ee067c0b-8ac0-445b-8148-646b36677bcd}</UniqueIdentifier>
    </Filter>
    <Filter Include="02. GameObject\99. Environment\00. Terrain\02. Wall\DynamicWall">
      <UniqueIdentifier>{7213c873-2075-4cae-8f68-4fad555388d4}</UniqueIdentifier>
    </Filter>
    <Filter Include="02. GameObject\12. Trigger\DoorTrigger">
      <UniqueIdentifier>{d4792a02-de85-4862-aa33-963f1ea9731c}</UniqueIdentifier>
    </Filter>
    <Filter Include="02. GameObject\12. Trigger\StageEndTrigger">
      <UniqueIdentifier>{b457a555-07c9-4099-85f4-2704782f1090}</UniqueIdentifier>
    </Filter>
    <Filter Include="04.UI\02.DynamicUI\01.Shop_BG">
      <UniqueIdentifier>{3ad2316d-f529-4f71-90d0-9126f7c2043a}</UniqueIdentifier>
    </Filter>
    <Filter Include="04.UI\01.StaticUI\02.Shop_Item">
      <UniqueIdentifier>{92278782-f580-497e-8e7d-57a0dc2b6129}</UniqueIdentifier>
    </Filter>
    <Filter Include="02. GameObject\10. Bullet\Rocket">
      <UniqueIdentifier>{fc7ab85c-a5ec-4c9d-93e3-0e115cbe301d}</UniqueIdentifier>
    </Filter>
  </ItemGroup>
  <ItemGroup>
    <ClInclude Include="framework.h">
      <Filter>헤더 파일</Filter>
    </ClInclude>
    <ClInclude Include="targetver.h">
      <Filter>헤더 파일</Filter>
    </ClInclude>
    <ClInclude Include="Resource.h">
      <Filter>헤더 파일</Filter>
    </ClInclude>
    <ClInclude Include="Client.h">
      <Filter>헤더 파일</Filter>
    </ClInclude>
    <ClInclude Include="pch.h">
      <Filter>헤더 파일</Filter>
    </ClInclude>
    <ClInclude Include="..\Header\CMainApp.h">
      <Filter>00. MainApp</Filter>
    </ClInclude>
    <ClInclude Include="..\Header\CStage.h">
      <Filter>01. Scene\01. Stage</Filter>
    </ClInclude>
    <ClInclude Include="..\Header\CCharacter.h">
      <Filter>02. GameObject\00. Character</Filter>
    </ClInclude>
    <ClInclude Include="..\Header\CTestCharacter.h">
      <Filter>02. GameObject\00. Character\99. TestCharacter</Filter>
    </ClInclude>
    <ClInclude Include="..\Header\CMonster.h">
      <Filter>02. GameObject\00. Character\01. Monster</Filter>
    </ClInclude>
    <ClInclude Include="..\Header\CWhiteMan.h">
      <Filter>02. GameObject\00. Character\01. Monster\00. WhiteMan</Filter>
    </ClInclude>
    <ClInclude Include="..\Header\CFirstCamera.h">
      <Filter>02. GameObject\01. FirstCamera</Filter>
    </ClInclude>
    <ClInclude Include="..\Header\CPlayer.h">
      <Filter>02. GameObject\00. Character\00. Player</Filter>
    </ClInclude>
    <ClInclude Include="..\Header\CLeftPart.h">
      <Filter>02. GameObject\00. Character\00. Player\01.LeftPart</Filter>
    </ClInclude>
    <ClInclude Include="..\Header\CMiddlePart.h">
      <Filter>02. GameObject\00. Character\00. Player\03.Middle</Filter>
    </ClInclude>
    <ClInclude Include="..\Header\CPlayerPart.h">
      <Filter>02. GameObject\00. Character\00. Player\00.PlayerPart</Filter>
    </ClInclude>
    <ClInclude Include="..\Header\CRightPart.h">
      <Filter>02. GameObject\00. Character\00. Player\02.RightPart</Filter>
    </ClInclude>
    <ClInclude Include="..\Header\CSkyBox.h">
      <Filter>999.Sample</Filter>
    </ClInclude>
    <ClInclude Include="..\Header\CMapStage.h">
      <Filter>01. Scene\01. Stage\01. MapStage</Filter>
    </ClInclude>
    <ClInclude Include="..\Header\CFloor.h">
      <Filter>02. GameObject\99. Environment\00. Terrain\00. Floor</Filter>
    </ClInclude>
    <ClInclude Include="..\Header\CCeiling.h">
      <Filter>02. GameObject\99. Environment\00. Terrain\01. Ceiling</Filter>
    </ClInclude>
    <ClInclude Include="..\Header\CWall.h">
      <Filter>02. GameObject\99. Environment\00. Terrain\02. Wall</Filter>
    </ClInclude>
    <ClInclude Include="..\Header\CObstacle.h">
      <Filter>02. GameObject\99. Environment\01. Object\03. Obstacle</Filter>
    </ClInclude>
    <ClInclude Include="..\Header\CMapLoader.h">
      <Filter>03. Manager%28Hojun%29\00. MapLoader</Filter>
    </ClInclude>
    <ClInclude Include="..\Header\CBullet.h">
      <Filter>02. GameObject\10. Bullet</Filter>
    </ClInclude>
    <ClInclude Include="..\Header\CBeamMon.h">
      <Filter>02. GameObject\00. Character\01. Monster\01. BeamMon</Filter>
    </ClInclude>
    <ClInclude Include="..\Header\CBeam.h">
      <Filter>02. GameObject\00. Character\01. Monster\01. BeamMon\Beam</Filter>
    </ClInclude>
    <ClInclude Include="..\Header\CFlyMon.h">
      <Filter>02. GameObject\00. Character\01. Monster\02. FlyMon</Filter>
    </ClInclude>
    <ClInclude Include="..\Header\CWeapon.h">
      <Filter>02. GameObject\02.Weapon</Filter>
    </ClInclude>
    <ClInclude Include="..\Header\CPistol.h">
      <Filter>02. GameObject\02.Weapon\Pistol</Filter>
    </ClInclude>
    <ClInclude Include="..\Header\CBoss.h">
      <Filter>02. GameObject\00. Character\02. Boss</Filter>
    </ClInclude>
    <ClInclude Include="..\Header\CBossTestStage.h">
      <Filter>01. Scene\01. Stage\02. BossTestStage</Filter>
    </ClInclude>
    <ClInclude Include="..\Header\CBossBullet.h">
      <Filter>02. GameObject\10. Bullet\BossBullet</Filter>
    </ClInclude>
    <ClInclude Include="..\header\CHeightMapTerrain.h">
      <Filter>999.Sample</Filter>
    </ClInclude>
    <ClInclude Include="..\Header\CTerrain.h">
      <Filter>02. GameObject\99. Environment\00. Terrain</Filter>
    </ClInclude>
    <ClInclude Include="..\Header\CMapCollider.h">
      <Filter>02. GameObject\11. MapCollider</Filter>
    </ClInclude>
    <ClInclude Include="..\Header\CLoading.h">
      <Filter>01. Scene\02. Loading</Filter>
    </ClInclude>
    <ClInclude Include="..\Header\CBackGround.h">
      <Filter>02. GameObject\98. BackGround</Filter>
    </ClInclude>
    <ClInclude Include="..\Header\CKatana.h">
      <Filter>02. GameObject\02.Weapon\Katana</Filter>
    </ClInclude>
    <ClInclude Include="..\Header\CBaseUI.h">
      <Filter>04.UI\00.BaseUI</Filter>
    </ClInclude>
    <ClInclude Include="..\Header\CPhoneBG.h">
      <Filter>04.UI\01.StaticUI\01.Phone_Back</Filter>
    </ClInclude>
    <ClInclude Include="..\Header\CDynamicCeiling.h">
      <Filter>02. GameObject\99. Environment\00. Terrain\01. Ceiling\DynamicCeiling</Filter>
    </ClInclude>
    <ClInclude Include="..\Header\CDynamicFloor.h">
      <Filter>02. GameObject\99. Environment\00. Terrain\00. Floor\DynamicFloor</Filter>
    </ClInclude>
    <ClInclude Include="..\Header\CDynamicWall.h">
      <Filter>02. GameObject\99. Environment\00. Terrain\02. Wall\DynamicWall</Filter>
    </ClInclude>
    <ClInclude Include="..\Header\CTrigger.h">
      <Filter>02. GameObject\12. Trigger</Filter>
    </ClInclude>
    <ClInclude Include="..\Header\CDoorTrigger.h">
      <Filter>02. GameObject\12. Trigger\DoorTrigger</Filter>
    </ClInclude>
    <ClInclude Include="..\Header\CShopBG.h">
      <Filter>04.UI\02.DynamicUI\01.Shop_BG</Filter>
    </ClInclude>
    <ClInclude Include="..\Header\CShopItem.h">
      <Filter>04.UI\01.StaticUI\02.Shop_Item</Filter>
    </ClInclude>
    <ClInclude Include="..\Header\CRocket.h">
      <Filter>02. GameObject\10. Bullet\Rocket</Filter>
    </ClInclude>
  </ItemGroup>
  <ItemGroup>
    <ClCompile Include="Client.cpp">
      <Filter>소스 파일</Filter>
    </ClCompile>
    <ClCompile Include="..\Code\CMainApp.cpp">
      <Filter>00. MainApp</Filter>
    </ClCompile>
    <ClCompile Include="..\Code\CStage.cpp">
      <Filter>01. Scene\01. Stage</Filter>
    </ClCompile>
    <ClCompile Include="..\Code\CCharacter.cpp">
      <Filter>02. GameObject\00. Character</Filter>
    </ClCompile>
    <ClCompile Include="..\Code\CTestCharacter.cpp">
      <Filter>02. GameObject\00. Character\99. TestCharacter</Filter>
    </ClCompile>
    <ClCompile Include="..\Code\CMonster.cpp">
      <Filter>02. GameObject\00. Character\01. Monster</Filter>
    </ClCompile>
    <ClCompile Include="..\Code\CWhiteMan.cpp">
      <Filter>02. GameObject\00. Character\01. Monster\00. WhiteMan</Filter>
    </ClCompile>
    <ClCompile Include="..\Code\CFirstCamera.cpp">
      <Filter>02. GameObject\01. FirstCamera</Filter>
    </ClCompile>
    <ClCompile Include="..\Code\CLeftPart.cpp">
      <Filter>02. GameObject\00. Character\00. Player\01.LeftPart</Filter>
    </ClCompile>
    <ClCompile Include="..\Code\CMiddlePart.cpp">
      <Filter>02. GameObject\00. Character\00. Player\03.Middle</Filter>
    </ClCompile>
    <ClCompile Include="..\Code\CPlayerPart.cpp">
      <Filter>02. GameObject\00. Character\00. Player\00.PlayerPart</Filter>
    </ClCompile>
    <ClCompile Include="..\Code\CRightPart.cpp">
      <Filter>02. GameObject\00. Character\00. Player\02.RightPart</Filter>
    </ClCompile>
    <ClCompile Include="..\Code\CSkyBox.cpp">
      <Filter>999.Sample</Filter>
    </ClCompile>
    <ClCompile Include="..\Code\CMapStage.cpp">
      <Filter>01. Scene\01. Stage\01. MapStage</Filter>
    </ClCompile>
    <ClCompile Include="..\Code\CFloor.cpp">
      <Filter>02. GameObject\99. Environment\00. Terrain\00. Floor</Filter>
    </ClCompile>
    <ClCompile Include="..\Code\CCeiling.cpp">
      <Filter>02. GameObject\99. Environment\00. Terrain\01. Ceiling</Filter>
    </ClCompile>
    <ClCompile Include="..\Code\CWall.cpp">
      <Filter>02. GameObject\99. Environment\00. Terrain\02. Wall</Filter>
    </ClCompile>
    <ClCompile Include="..\Code\CObstacle.cpp">
      <Filter>02. GameObject\99. Environment\01. Object\03. Obstacle</Filter>
    </ClCompile>
    <ClCompile Include="..\Code\CMapLoader.cpp">
      <Filter>03. Manager%28Hojun%29\00. MapLoader</Filter>
    </ClCompile>
    <ClCompile Include="..\Code\CBullet.cpp">
      <Filter>02. GameObject\10. Bullet</Filter>
    </ClCompile>
    <ClCompile Include="..\Code\CBeamMon.cpp">
      <Filter>02. GameObject\00. Character\01. Monster\01. BeamMon</Filter>
    </ClCompile>
    <ClCompile Include="..\Code\CBeam.cpp">
      <Filter>02. GameObject\00. Character\01. Monster\01. BeamMon\Beam</Filter>
    </ClCompile>
    <ClCompile Include="..\Code\CFlyMon.cpp">
      <Filter>02. GameObject\00. Character\01. Monster\02. FlyMon</Filter>
    </ClCompile>
    <ClCompile Include="..\Code\CWeapon.cpp">
      <Filter>02. GameObject\02.Weapon</Filter>
    </ClCompile>
    <ClCompile Include="pch.cpp">
      <Filter>소스 파일</Filter>
    </ClCompile>
    <ClCompile Include="..\Code\CPistol.cpp">
      <Filter>02. GameObject\02.Weapon\Pistol</Filter>
    </ClCompile>
    <ClCompile Include="..\Code\CBoss.cpp">
      <Filter>02. GameObject\00. Character\02. Boss</Filter>
    </ClCompile>
    <ClCompile Include="..\Code\CBossTestStage.cpp">
      <Filter>01. Scene\01. Stage\02. BossTestStage</Filter>
    </ClCompile>
    <ClCompile Include="..\Code\CBossBullet.cpp">
      <Filter>02. GameObject\10. Bullet\BossBullet</Filter>
    </ClCompile>
    <ClCompile Include="..\Code\CHeightMapTerrain.cpp">
      <Filter>999.Sample</Filter>
    </ClCompile>
    <ClCompile Include="..\Code\CTerrain.cpp">
      <Filter>02. GameObject\99. Environment\00. Terrain</Filter>
    </ClCompile>
    <ClCompile Include="..\Code\CMapCollider.cpp">
      <Filter>02. GameObject\11. MapCollider</Filter>
    </ClCompile>
    <ClCompile Include="..\Code\CLoading.cpp">
      <Filter>01. Scene\02. Loading</Filter>
    </ClCompile>
    <ClCompile Include="..\Code\CBackGround.cpp">
      <Filter>02. GameObject\98. BackGround</Filter>
    </ClCompile>
    <ClCompile Include="..\Code\CKatana.cpp">
      <Filter>02. GameObject\02.Weapon\Katana</Filter>
    </ClCompile>
    <ClCompile Include="..\Code\CBaseUI.cpp">
      <Filter>04.UI\00.BaseUI</Filter>
    </ClCompile>
    <ClCompile Include="..\Code\CPhoneBG.cpp">
      <Filter>04.UI\01.StaticUI\01.Phone_Back</Filter>
    </ClCompile>
    <ClCompile Include="..\Code\CPlayer.cpp">
      <Filter>02. GameObject\00. Character\00. Player</Filter>
    </ClCompile>
    <ClCompile Include="..\Code\CDynamicCeiling.cpp">
      <Filter>02. GameObject\99. Environment\00. Terrain\01. Ceiling\DynamicCeiling</Filter>
    </ClCompile>
    <ClCompile Include="..\Code\CDynamicFloor.cpp">
      <Filter>02. GameObject\99. Environment\00. Terrain\00. Floor\DynamicFloor</Filter>
    </ClCompile>
    <ClCompile Include="..\Code\CDynamicWall.cpp">
      <Filter>02. GameObject\99. Environment\00. Terrain\02. Wall\DynamicWall</Filter>
    </ClCompile>
    <ClCompile Include="..\Code\CTrigger.cpp">
      <Filter>02. GameObject\12. Trigger</Filter>
    </ClCompile>
    <ClCompile Include="..\Code\CDoorTrigger.cpp">
      <Filter>02. GameObject\12. Trigger\DoorTrigger</Filter>
    </ClCompile>
    <ClCompile Include="..\Code\CShopBG.cpp">
      <Filter>04.UI\02.DynamicUI\01.Shop_BG</Filter>
    </ClCompile>
    <ClCompile Include="..\Code\CShopItem.cpp">
      <Filter>04.UI\01.StaticUI\02.Shop_Item</Filter>
    </ClCompile>
    <ClCompile Include="..\Code\CRocket.cpp">
      <Filter>02. GameObject\10. Bullet\Rocket</Filter>
    </ClCompile>
  </ItemGroup>
  <ItemGroup>
    <ResourceCompile Include="Client.rc">
      <Filter>리소스 파일</Filter>
    </ResourceCompile>
  </ItemGroup>
  <ItemGroup>
    <Image Include="small.ico">
      <Filter>리소스 파일</Filter>
    </Image>
    <Image Include="Client.ico">
      <Filter>리소스 파일</Filter>
    </Image>
  </ItemGroup>
</Project>