<?xml version="1.0" encoding="utf-8"?>
<Project ToolsVersion="4.0" xmlns="http://schemas.microsoft.com/developer/msbuild/2003">
  <ItemGroup>
    <Filter Include="소스 파일">
      <UniqueIdentifier>{4FC737F1-C7A5-4376-A066-2A32D752A2FF}</UniqueIdentifier>
      <Extensions>cpp;c;cc;cxx;c++;cppm;ixx;def;odl;idl;hpj;bat;asm;asmx</Extensions>
    </Filter>
    <Filter Include="헤더 파일">
      <UniqueIdentifier>{93995380-89BD-4b04-88EB-625FBE52EBFB}</UniqueIdentifier>
      <Extensions>h;hh;hpp;hxx;h++;hm;inl;inc;ipp;xsd</Extensions>
    </Filter>
    <Filter Include="00. MainApp">
      <UniqueIdentifier>{c4a5d2d4-8ba4-41ba-b39d-b3c57606384d}</UniqueIdentifier>
    </Filter>
    <Filter Include="01. Scene">
      <UniqueIdentifier>{785484d4-4b02-4e46-a061-3098ce72bd33}</UniqueIdentifier>
    </Filter>
    <Filter Include="02. GameObject">
      <UniqueIdentifier>{9d376134-9237-4e52-b6e1-74678947fe33}</UniqueIdentifier>
    </Filter>
    <Filter Include="01. Scene\01. Stage">
      <UniqueIdentifier>{c6063628-20e0-49ad-b456-57ec3a28790a}</UniqueIdentifier>
    </Filter>
    <Filter Include="01. Scene\01. Stage\00. TestStage">
      <UniqueIdentifier>{1d8c4842-5146-4708-b742-7cf82b1003ab}</UniqueIdentifier>
    </Filter>
    <Filter Include="02. GameObject\00. Character">
      <UniqueIdentifier>{ed4446a1-1899-4f4f-a815-58c6378adbba}</UniqueIdentifier>
    </Filter>
    <Filter Include="02. GameObject\00. Character\00. Player">
      <UniqueIdentifier>{61f971e4-45ff-4ad5-ab96-92c4f9a6ed8d}</UniqueIdentifier>
    </Filter>
    <Filter Include="02. GameObject\00. Character\99. TestCharacter">
      <UniqueIdentifier>{6f673fc3-69e7-4d07-9b32-3112f3926e97}</UniqueIdentifier>
    </Filter>
    <Filter Include="02. GameObject\00. Character\01. Monster">
      <UniqueIdentifier>{423088a2-c28e-4185-8b6a-4a5ffac47710}</UniqueIdentifier>
    </Filter>
    <Filter Include="02. GameObject\00. Character\01. Monster\00. WhiteMan">
      <UniqueIdentifier>{f4845fe8-8c7a-48cc-920e-37c3d716115b}</UniqueIdentifier>
    </Filter>
    <Filter Include="02. GameObject\01. FirstCamera">
      <UniqueIdentifier>{efed9df2-eb76-47cf-9fd6-cc2919cf7728}</UniqueIdentifier>
    </Filter>
    <Filter Include="02. GameObject\00. Character\00. Player\00.PlayerPart">
      <UniqueIdentifier>{cf450763-5c16-4250-ac61-ec419d054642}</UniqueIdentifier>
    </Filter>
    <Filter Include="02. GameObject\00. Character\00. Player\01.LeftPart">
      <UniqueIdentifier>{bf548432-2e54-4f4e-ac05-29dd683ecd33}</UniqueIdentifier>
    </Filter>
    <Filter Include="02. GameObject\00. Character\00. Player\02.RightPart">
      <UniqueIdentifier>{b68af5c4-154f-4b95-8796-870c103beea9}</UniqueIdentifier>
    </Filter>
    <Filter Include="02. GameObject\00. Character\00. Player\03.Middle">
      <UniqueIdentifier>{9d79274d-fc6b-4d57-a086-a0665d9464ca}</UniqueIdentifier>
    </Filter>
    <Filter Include="999.Sample">
      <UniqueIdentifier>{2e65fa5f-8f0b-41cf-8d9f-e4fe5969eb48}</UniqueIdentifier>
    </Filter>
    <Filter Include="리소스 파일">
      <UniqueIdentifier>{67DA6AB6-F800-4c08-8B7A-83BB121AAD01}</UniqueIdentifier>
      <Extensions>rc;ico;cur;bmp;dlg;rc2;rct;bin;rgs;gif;jpg;jpeg;jpe;resx;tiff;tif;png;wav;mfcribbon-ms</Extensions>
    </Filter>
    <Filter Include="01. Scene\01. Stage\01. MapStage">
      <UniqueIdentifier>{f30df1af-6373-4236-b9fe-abe37fc78b4b}</UniqueIdentifier>
    </Filter>
    <Filter Include="02. GameObject\99. Environment">
      <UniqueIdentifier>{fb01c617-0ba8-40f8-9e6a-3174534b7550}</UniqueIdentifier>
    </Filter>
    <Filter Include="03. Manager%28Hojun%29">
      <UniqueIdentifier>{44fd1cba-5089-4c11-98e8-ea13ec15bbd2}</UniqueIdentifier>
    </Filter>
    <Filter Include="03. Manager%28Hojun%29\00. MapLoader">
      <UniqueIdentifier>{db64e24e-5e04-40e9-a23f-e9ee296c4615}</UniqueIdentifier>
    </Filter>
    <Filter Include="02. GameObject\10. Bullet">
      <UniqueIdentifier>{b9d3330c-6115-4de4-8e12-82a8203e6bed}</UniqueIdentifier>
    </Filter>
    <Filter Include="02. GameObject\00. Character\01. Monster\01. BeamMon">
      <UniqueIdentifier>{3562e0a5-f952-4628-bfed-2b829fa08c96}</UniqueIdentifier>
    </Filter>
    <Filter Include="02. GameObject\00. Character\01. Monster\01. BeamMon\Beam">
      <UniqueIdentifier>{33507870-cd0f-47a9-be03-3430df8388c1}</UniqueIdentifier>
    </Filter>
    <Filter Include="02. GameObject\00. Character\01. Monster\02. FlyMon">
      <UniqueIdentifier>{39a0eab7-bc28-4d5e-9a69-1095d849c0e9}</UniqueIdentifier>
    </Filter>
    <Filter Include="02. GameObject\02.Weapon">
      <UniqueIdentifier>{b21344ed-8c65-4666-b48f-ce97852a760e}</UniqueIdentifier>
    </Filter>
    <Filter Include="02. GameObject\02.Weapon\Pistol">
      <UniqueIdentifier>{5f24d68b-aac9-42cd-8e32-23675dd96e6b}</UniqueIdentifier>
    </Filter>
    <Filter Include="02. GameObject\00. Character\02. Boss">
      <UniqueIdentifier>{0436d969-19c6-4403-b309-25eaa67f0dd1}</UniqueIdentifier>
    </Filter>
    <Filter Include="02. GameObject\10. Bullet\BossBullet">
      <UniqueIdentifier>{e7eee20e-6188-4ddb-8e63-38c6b7f80026}</UniqueIdentifier>
    </Filter>
    <Filter Include="02. GameObject\00. Character\02. Boss\Rocket">
      <UniqueIdentifier>{4984b130-26ea-46e7-b085-09c3268d713d}</UniqueIdentifier>
    </Filter>
    <Filter Include="02. GameObject\99. Environment\00. Terrain">
      <UniqueIdentifier>{56f144aa-528e-488e-a9c9-499a69316446}</UniqueIdentifier>
    </Filter>
    <Filter Include="02. GameObject\99. Environment\00. Terrain\00. Floor">
      <UniqueIdentifier>{a95c6d76-d798-479e-a7f4-f50fb06fbeed}</UniqueIdentifier>
    </Filter>
    <Filter Include="02. GameObject\99. Environment\00. Terrain\01. Ceiling">
      <UniqueIdentifier>{6ceb23c7-0c1b-4af9-a77d-c8a60b3fc62a}</UniqueIdentifier>
    </Filter>
    <Filter Include="02. GameObject\99. Environment\00. Terrain\02. Wall">
      <UniqueIdentifier>{6cf6218e-c410-4898-b859-90841f68fb0f}</UniqueIdentifier>
    </Filter>
    <Filter Include="02. GameObject\99. Environment\01. Object">
      <UniqueIdentifier>{943e9a83-6010-409a-be24-d94ce4a8d0b8}</UniqueIdentifier>
    </Filter>
    <Filter Include="02. GameObject\99. Environment\01. Object\03. Obstacle">
      <UniqueIdentifier>{201c3123-c49d-4acf-adf8-a738fccb6dfc}</UniqueIdentifier>
    </Filter>
    <Filter Include="01. Scene\02. Loading">
      <UniqueIdentifier>{034ad6be-3396-4232-b306-09501ab26c96}</UniqueIdentifier>
    </Filter>
    <Filter Include="02. GameObject\98. BackGround">
      <UniqueIdentifier>{bc5cf546-9147-47cc-9af4-103b080d0c88}</UniqueIdentifier>
    </Filter>
    <Filter Include="02. GameObject\02.Weapon\Katana">
      <UniqueIdentifier>{0622a69c-0483-4869-b18a-553d8af2e910}</UniqueIdentifier>
    </Filter>
    <Filter Include="04.UI">
      <UniqueIdentifier>{8a7c753d-2076-4f7a-bfa1-452380eee520}</UniqueIdentifier>
    </Filter>
    <Filter Include="04.UI\00.BaseUI">
      <UniqueIdentifier>{9b1cf752-3739-4e42-9848-a29a8abcd6aa}</UniqueIdentifier>
    </Filter>
    <Filter Include="04.UI\01.StaticUI">
      <UniqueIdentifier>{753aa42d-392d-45f6-a087-9d11e86bbf4b}</UniqueIdentifier>
    </Filter>
    <Filter Include="04.UI\02.DynamicUI">
      <UniqueIdentifier>{ad8da3ef-9ba8-4c95-bc2a-645ba1acfb0d}</UniqueIdentifier>
    </Filter>
    <Filter Include="04.UI\01.StaticUI\01.Phone_Back">
      <UniqueIdentifier>{9b00fd92-8983-4423-abcc-16010820e407}</UniqueIdentifier>
    </Filter>
    <Filter Include="02. GameObject\11. MapCollider">
      <UniqueIdentifier>{bd545b88-97bc-4240-9694-3bc3967717b1}</UniqueIdentifier>
    </Filter>
    <Filter Include="02. GameObject\12. Trigger">
      <UniqueIdentifier>{c3e03a26-b888-4a42-8e23-5584f9799a14}</UniqueIdentifier>
    </Filter>
    <Filter Include="02. GameObject\99. Environment\00. Terrain\01. Ceiling\DynamicCeiling">
      <UniqueIdentifier>{ee067c0b-8ac0-445b-8148-646b36677bcd}</UniqueIdentifier>
    </Filter>
    <Filter Include="02. GameObject\99. Environment\00. Terrain\02. Wall\DynamicWall">
      <UniqueIdentifier>{7213c873-2075-4cae-8f68-4fad555388d4}</UniqueIdentifier>
    </Filter>
    <Filter Include="02. GameObject\12. Trigger\StageEndTrigger">
      <UniqueIdentifier>{b457a555-07c9-4099-85f4-2704782f1090}</UniqueIdentifier>
    </Filter>
    <Filter Include="04.UI\02.DynamicUI\01.Shop_BG">
      <UniqueIdentifier>{3ad2316d-f529-4f71-90d0-9126f7c2043a}</UniqueIdentifier>
    </Filter>
    <Filter Include="04.UI\01.StaticUI\02.Shop_Item">
      <UniqueIdentifier>{92278782-f580-497e-8e7d-57a0dc2b6129}</UniqueIdentifier>
    </Filter>
    <Filter Include="02. GameObject\10. Bullet\Rocket">
      <UniqueIdentifier>{fc7ab85c-a5ec-4c9d-93e3-0e115cbe301d}</UniqueIdentifier>
    </Filter>
    <Filter Include="04.UI\01.StaticUI\03.Select_Item">
      <UniqueIdentifier>{a64ef52c-e2cb-4cb3-96ae-8cb2e75da0b6}</UniqueIdentifier>
    </Filter>
    <Filter Include="02. GameObject\99. Environment\00. Terrain\00. Floor\01. SlopeFloor">
      <UniqueIdentifier>{627e972f-e652-4c2e-8023-ca40db0c413d}</UniqueIdentifier>
    </Filter>
    <Filter Include="02. GameObject\99. Environment\00. Terrain\00. Floor\00. DynamicFloor">
      <UniqueIdentifier>{13c447d0-1fdc-4d80-b15a-a10fd70a3a5d}</UniqueIdentifier>
    </Filter>
    <Filter Include="04.UI\UIManager">
      <UniqueIdentifier>{7965902d-4b4c-4aaf-8a8b-d2132956158f}</UniqueIdentifier>
    </Filter>
    <Filter Include="04.UI\01.StaticUI\04.Stage_BG">
      <UniqueIdentifier>{5111b033-3f16-4817-b57e-c762fba14185}</UniqueIdentifier>
    </Filter>
    <Filter Include="04.UI\02.DynamicUI\02.Chat">
      <UniqueIdentifier>{04499492-2484-40c3-ad00-831a6a648c07}</UniqueIdentifier>
    </Filter>
    <Filter Include="04.UI\02.DynamicUI\03.Mascot">
      <UniqueIdentifier>{2e4fb4e1-1618-4ea8-b5a4-ff98c8e00a0b}</UniqueIdentifier>
    </Filter>
    <Filter Include="04.UI\02.DynamicUI\04.Heart">
      <UniqueIdentifier>{a9e40874-5ebd-431e-800c-0293a7193fdd}</UniqueIdentifier>
    </Filter>
    <Filter Include="04.UI\01.StaticUI\05.Heart_Beat">
      <UniqueIdentifier>{dc3e9daa-f1b7-4ae9-ae01-9ac4eaf4cff8}</UniqueIdentifier>
    </Filter>
    <Filter Include="04.UI\02.DynamicUI\05.Noise">
      <UniqueIdentifier>{aa71e2f7-aff5-4af9-8887-fa068b50f791}</UniqueIdentifier>
    </Filter>
    <Filter Include="04.UI\02.DynamicUI\06.Player_UI">
      <UniqueIdentifier>{9de8e327-d18b-47ae-97ea-380981a2b116}</UniqueIdentifier>
    </Filter>
    <Filter Include="04.UI\02.DynamicUI\07.HP_UI">
      <UniqueIdentifier>{4ba2c46f-d985-4030-bbd5-53d0cd01c888}</UniqueIdentifier>
    </Filter>
    <Filter Include="02. GameObject\13. Effect">
      <UniqueIdentifier>{cb380492-a1bf-4e47-9d3c-8b3d8346702d}</UniqueIdentifier>
    </Filter>
    <Filter Include="02. GameObject\13. Effect\00. Blood">
      <UniqueIdentifier>{29f334ed-3e3c-4276-9b69-4b269ab937be}</UniqueIdentifier>
    </Filter>
    <Filter Include="02. GameObject\13. Effect\01. Trail">
      <UniqueIdentifier>{011cc0ed-92cc-4fa4-97f1-f58e2dc41719}</UniqueIdentifier>
    </Filter>
    <Filter Include="02. GameObject\13. Effect\02. Flare">
      <UniqueIdentifier>{0ff748ef-1152-47ae-b8fe-6c6073b63079}</UniqueIdentifier>
    </Filter>
    <Filter Include="02. GameObject\13. Effect\03. Explosion">
      <UniqueIdentifier>{2b73cbbc-e27f-4fbf-afe0-8564e5b20bd0}</UniqueIdentifier>
    </Filter>
    <Filter Include="02. GameObject\13. Effect\04. BeamFlare">
      <UniqueIdentifier>{2e62c910-c363-40fc-ab85-4977833976ea}</UniqueIdentifier>
    </Filter>
    <Filter Include="02. GameObject\13. Effect\05. BodyEmit">
      <UniqueIdentifier>{0bf218cc-17d3-474e-97ed-44f39b53bde1}</UniqueIdentifier>
    </Filter>
    <Filter Include="02. GameObject\13. Effect\06. HitUI">
      <UniqueIdentifier>{54ad4af8-86e9-4582-ae2b-9687cc7ed82f}</UniqueIdentifier>
    </Filter>
    <Filter Include="01. Scene\01. Stage\02. BossStage">
      <UniqueIdentifier>{141d9027-a6aa-44b1-8e1c-254f682cdd09}</UniqueIdentifier>
    </Filter>
    <Filter Include="01. Scene\02. Loading\00. LoadingEX">
      <UniqueIdentifier>{e0cc82bb-2528-4e70-95c7-4844d96bef68}</UniqueIdentifier>
    </Filter>
    <Filter Include="04.UI\01.StaticUI\06.Text_UI">
      <UniqueIdentifier>{a8b151c9-1b54-4de5-9cc5-5b868ed5f68e}</UniqueIdentifier>
    </Filter>
    <Filter Include="04.UI\01.StaticUI\07.Cursor_UI">
      <UniqueIdentifier>{df8ec6ac-f8e3-44b4-bf6a-9d6978502368}</UniqueIdentifier>
    </Filter>
    <Filter Include="04.UI\01.StaticUI\08.Plus_UI">
      <UniqueIdentifier>{7e166932-f427-4013-ae48-250c91fbb65e}</UniqueIdentifier>
    </Filter>
    <Filter Include="04.UI\01.StaticUI\09.Text_BG">
      <UniqueIdentifier>{c0768294-04aa-4035-9864-6e990a3d70df}</UniqueIdentifier>
    </Filter>
    <Filter Include="04.UI\01.StaticUI\10.Font_UI">
      <UniqueIdentifier>{3cfc8eee-fc39-4283-9e73-eaecd50d69d3}</UniqueIdentifier>
    </Filter>
    <Filter Include="04.UI\01.StaticUI\11.Effect_UI">
      <UniqueIdentifier>{ce128bb6-e85d-4b80-8140-a18be913badf}</UniqueIdentifier>
    </Filter>
    <Filter Include="04.UI\02.DynamicUI\08. TakeDown">
      <UniqueIdentifier>{3332ea56-67ab-4011-9e52-2a8b361fafb8}</UniqueIdentifier>
    </Filter>
    <Filter Include="02. GameObject\13. Effect\07. TakeDownBlood">
      <UniqueIdentifier>{526d47fd-6ab6-451c-82fe-0798825648ca}</UniqueIdentifier>
    </Filter>
    <Filter Include="04.UI\02.DynamicUI\09.Dash_UI">
      <UniqueIdentifier>{9f2642ed-025f-4b70-8805-290049735241}</UniqueIdentifier>
    </Filter>
    <Filter Include="04.UI\01.StaticUI\12.Slot_UI">
      <UniqueIdentifier>{c05f0e5d-0d6c-4893-bce4-0e7cb119f9a8}</UniqueIdentifier>
    </Filter>
    <Filter Include="04.UI\01.StaticUI\13.Hud_UI">
      <UniqueIdentifier>{21f156da-8fa9-42f6-9936-f443dbf39648}</UniqueIdentifier>
    </Filter>
    <Filter Include="02. GameObject\13. Effect\08. ToonFlash">
      <UniqueIdentifier>{0049b41c-1e5c-43b4-8057-952fd929a8b2}</UniqueIdentifier>
    </Filter>
    <Filter Include="02. GameObject\13. Effect\09. ToonFog">
      <UniqueIdentifier>{ed28494c-3a87-482d-8e67-b8dbb93569e7}</UniqueIdentifier>
    </Filter>
    <Filter Include="02. GameObject\13. Effect\10. BossTrail">
      <UniqueIdentifier>{ec648dc8-8940-46b6-bc08-3865092bb19a}</UniqueIdentifier>
    </Filter>
    <Filter Include="02. GameObject\03.MapObject">
      <UniqueIdentifier>{33a14dc2-ed97-43ef-b7be-b80a9133598f}</UniqueIdentifier>
    </Filter>
    <Filter Include="02. GameObject\03.MapObject\00.DisPlayObj">
      <UniqueIdentifier>{8ed5038e-29d9-43bb-9b0e-ace133dd3df5}</UniqueIdentifier>
    </Filter>
    <Filter Include="02. GameObject\03.MapObject\01.InteractiveObj">
      <UniqueIdentifier>{fefab657-5085-4905-a68d-433b193a3e95}</UniqueIdentifier>
    </Filter>
    <Filter Include="02. GameObject\03.MapObject\02.VendingMachine">
      <UniqueIdentifier>{910535e6-2a4e-4a48-a252-241eeb0c6fdd}</UniqueIdentifier>
    </Filter>
    <Filter Include="02. GameObject\03.MapObject\03.Soda">
      <UniqueIdentifier>{fe8e2a7f-6321-4c19-bf53-9db8f3e7840a}</UniqueIdentifier>
    </Filter>
    <Filter Include="02. GameObject\03.MapObject\04.Axe">
      <UniqueIdentifier>{935eac77-4a1d-4389-a3e2-b44d79d021e8}</UniqueIdentifier>
    </Filter>
    <Filter Include="02. GameObject\03.MapObject\05.Extinguisher">
      <UniqueIdentifier>{e07de885-8743-4e17-ad6f-09ecac3dd9e9}</UniqueIdentifier>
    </Filter>
    <Filter Include="02. GameObject\12. Trigger\RoomTrigger">
      <UniqueIdentifier>{d4792a02-de85-4862-aa33-963f1ea9731c}</UniqueIdentifier>
    </Filter>
    <Filter Include="02. GameObject\99. Environment\01. Object\00. Door">
      <UniqueIdentifier>{ec74351d-3786-4996-8405-8de8a6249d34}</UniqueIdentifier>
    </Filter>
    <Filter Include="02. GameObject\99. Environment\01. Object\00. Door\DoorLeft">
      <UniqueIdentifier>{5989d400-0b6f-46f0-b3d3-a6e7e791138f}</UniqueIdentifier>
    </Filter>
    <Filter Include="02. GameObject\99. Environment\01. Object\00. Door\DoorRight">
      <UniqueIdentifier>{365bff0c-da8b-4aea-a55e-0ac05e75ca56}</UniqueIdentifier>
    </Filter>
    <Filter Include="04.UI\01.StaticUI\14.StageInfo_UI">
      <UniqueIdentifier>{4445672d-c988-4e69-8bf4-2bab20b9d751}</UniqueIdentifier>
    </Filter>
    <Filter Include="02. GameObject\13. Effect\11. SodaUI">
      <UniqueIdentifier>{f304972e-13f1-4c77-a2b2-f6465196219e}</UniqueIdentifier>
    </Filter>
    <Filter Include="01. Scene\03. Logo">
      <UniqueIdentifier>{129feed1-1a87-48b0-8ec7-3f57460d1f60}</UniqueIdentifier>
    </Filter>
    <Filter Include="01. Scene\04. Ending">
      <UniqueIdentifier>{78f20e5d-5d36-4802-9eca-5394c9607f44}</UniqueIdentifier>
    </Filter>
    <Filter Include="02. GameObject\13. Effect\12. BossHPUI">
      <UniqueIdentifier>{c1693fc9-8335-40fb-b54f-129f7a50c815}</UniqueIdentifier>
    </Filter>
    <Filter Include="02. GameObject\13. Effect\13.PhoneHPUI">
      <UniqueIdentifier>{c5009c51-f625-4b8a-896e-3eb8785109cb}</UniqueIdentifier>
    </Filter>
    <Filter Include="01. Scene\02. Loading\01.LoadingBar">
      <UniqueIdentifier>{02324fa3-a737-4245-9786-ffe543f379a5}</UniqueIdentifier>
    </Filter>
    <Filter Include="01. Scene\01. Stage\03. SniperStage">
      <UniqueIdentifier>{7edfba06-b1e0-4d16-bd1b-4d77286f1795}</UniqueIdentifier>
    </Filter>
    <Filter Include="01. Scene\01. Stage\02. BossTestStage">
      <UniqueIdentifier>{04d88061-d5eb-4c6a-875c-49283c5875d8}</UniqueIdentifier>
    </Filter>
    <Filter Include="01. Scene\01. Stage\04. RoadStage">
      <UniqueIdentifier>{d489d24b-3c32-4a28-8352-8419cba49da5}</UniqueIdentifier>
    </Filter>
    <Filter Include="02. GameObject\00. Character\04. RoadPlayer">
      <UniqueIdentifier>{62c493bc-7e15-4a53-9fed-3f1dff882399}</UniqueIdentifier>
    </Filter>
    <Filter Include="02. GameObject\00. Character\04. RoadPlayer\05.Minigun">
      <UniqueIdentifier>{eed551ef-dab3-4dcf-b6d3-cddce0a88605}</UniqueIdentifier>
    </Filter>
    <Filter Include="02. GameObject\00. Character\04. RoadPlayer\05.Minigun\Pannel">
      <UniqueIdentifier>{97653dd2-cbe3-46ad-baed-08c7b6b7bfba}</UniqueIdentifier>
    </Filter>
    <Filter Include="02. GameObject\00. Character\04. RoadPlayer\05.Minigun\Chain">
      <UniqueIdentifier>{e20715c5-ccd5-40c6-ba3b-2ba981524830}</UniqueIdentifier>
    </Filter>
    <Filter Include="02. GameObject\01. FirstCamera\02.RoadCamera">
      <UniqueIdentifier>{819a0c18-b31b-42f1-9121-524773916c5c}</UniqueIdentifier>
    </Filter>
    <Filter Include="02. GameObject\10. Bullet\PlayerBullet">
      <UniqueIdentifier>{b87feeb9-9188-43e7-b9d8-66ac32ea1bb9}</UniqueIdentifier>
    </Filter>
    <Filter Include="02. GameObject\00. Character\04. SniperPlayer">
      <UniqueIdentifier>{3a246dbd-0e26-4f22-b931-8a4b524ce7ca}</UniqueIdentifier>
    </Filter>
    <Filter Include="02. GameObject\00. Character\04. SniperPlayer\00. SniperCamera">
      <UniqueIdentifier>{353c387a-657b-4cc4-8150-622644fb59df}</UniqueIdentifier>
    </Filter>
    <Filter Include="02. GameObject\00. Character\04. SniperPlayer\00. SniperCamera\00.SRightHand">
      <UniqueIdentifier>{61ec68e1-16f4-44ef-9b08-965d9a043f34}</UniqueIdentifier>
    </Filter>
    <Filter Include="02. GameObject\00. Character\04. SniperPlayer\00. SniperCamera\01.SLeftHand">
      <UniqueIdentifier>{a1f9fe3e-6d6a-44e9-b360-91e093834070}</UniqueIdentifier>
    </Filter>
    <Filter Include="04.UI\01.StaticUI\15. SniperUI">
      <UniqueIdentifier>{b6cb9ece-df87-4758-ac79-7a73ea996f44}</UniqueIdentifier>
    </Filter>
    <Filter Include="02. GameObject\00. Character\01. Monster\03. SniperWhiteMan">
      <UniqueIdentifier>{2b69ec1d-c000-4885-9eea-08d183b16994}</UniqueIdentifier>
    </Filter>
    <Filter Include="02. GameObject\03.MapObject\00.DisPlayObj\DisplayCubeObj">
      <UniqueIdentifier>{23c08983-8a7a-4ba9-b56e-6672238d9c46}</UniqueIdentifier>
    </Filter>
	<Filter Include="01. Scene\05.Credits">
      <UniqueIdentifier>{a396d860-f934-43df-9812-edaa48fb793a}</UniqueIdentifier>
    </Filter>
    <Filter Include="02. GameObject\03.MapObject\06. Window">
      <UniqueIdentifier>{cff36c49-c73e-4858-ab3a-fc6f09d9ef41}</UniqueIdentifier>
    </Filter>
  </ItemGroup>
  <ItemGroup>
    <ClInclude Include="framework.h">
      <Filter>헤더 파일</Filter>
    </ClInclude>
    <ClInclude Include="targetver.h">
      <Filter>헤더 파일</Filter>
    </ClInclude>
    <ClInclude Include="Resource.h">
      <Filter>헤더 파일</Filter>
    </ClInclude>
    <ClInclude Include="Client.h">
      <Filter>헤더 파일</Filter>
    </ClInclude>
    <ClInclude Include="pch.h">
      <Filter>헤더 파일</Filter>
    </ClInclude>
    <ClInclude Include="..\Header\CMainApp.h">
      <Filter>00. MainApp</Filter>
    </ClInclude>
    <ClInclude Include="..\Header\CStage.h">
      <Filter>01. Scene\01. Stage</Filter>
    </ClInclude>
    <ClInclude Include="..\Header\CCharacter.h">
      <Filter>02. GameObject\00. Character</Filter>
    </ClInclude>
    <ClInclude Include="..\Header\CTestCharacter.h">
      <Filter>02. GameObject\00. Character\99. TestCharacter</Filter>
    </ClInclude>
    <ClInclude Include="..\Header\CMonster.h">
      <Filter>02. GameObject\00. Character\01. Monster</Filter>
    </ClInclude>
    <ClInclude Include="..\Header\CWhiteMan.h">
      <Filter>02. GameObject\00. Character\01. Monster\00. WhiteMan</Filter>
    </ClInclude>
    <ClInclude Include="..\Header\CFirstCamera.h">
      <Filter>02. GameObject\01. FirstCamera</Filter>
    </ClInclude>
    <ClInclude Include="..\Header\CPlayer.h">
      <Filter>02. GameObject\00. Character\00. Player</Filter>
    </ClInclude>
    <ClInclude Include="..\Header\CLeftPart.h">
      <Filter>02. GameObject\00. Character\00. Player\01.LeftPart</Filter>
    </ClInclude>
    <ClInclude Include="..\Header\CMiddlePart.h">
      <Filter>02. GameObject\00. Character\00. Player\03.Middle</Filter>
    </ClInclude>
    <ClInclude Include="..\Header\CPlayerPart.h">
      <Filter>02. GameObject\00. Character\00. Player\00.PlayerPart</Filter>
    </ClInclude>
    <ClInclude Include="..\Header\CRightPart.h">
      <Filter>02. GameObject\00. Character\00. Player\02.RightPart</Filter>
    </ClInclude>
    <ClInclude Include="..\Header\CSkyBox.h">
      <Filter>999.Sample</Filter>
    </ClInclude>
    <ClInclude Include="..\Header\CMapStage.h">
      <Filter>01. Scene\01. Stage\01. MapStage</Filter>
    </ClInclude>
    <ClInclude Include="..\Header\CFloor.h">
      <Filter>02. GameObject\99. Environment\00. Terrain\00. Floor</Filter>
    </ClInclude>
    <ClInclude Include="..\Header\CCeiling.h">
      <Filter>02. GameObject\99. Environment\00. Terrain\01. Ceiling</Filter>
    </ClInclude>
    <ClInclude Include="..\Header\CWall.h">
      <Filter>02. GameObject\99. Environment\00. Terrain\02. Wall</Filter>
    </ClInclude>
    <ClInclude Include="..\Header\CObstacle.h">
      <Filter>02. GameObject\99. Environment\01. Object\03. Obstacle</Filter>
    </ClInclude>
    <ClInclude Include="..\Header\CMapLoader.h">
      <Filter>03. Manager%28Hojun%29\00. MapLoader</Filter>
    </ClInclude>
    <ClInclude Include="..\Header\CBullet.h">
      <Filter>02. GameObject\10. Bullet</Filter>
    </ClInclude>
    <ClInclude Include="..\Header\CBeamMon.h">
      <Filter>02. GameObject\00. Character\01. Monster\01. BeamMon</Filter>
    </ClInclude>
    <ClInclude Include="..\Header\CBeam.h">
      <Filter>02. GameObject\00. Character\01. Monster\01. BeamMon\Beam</Filter>
    </ClInclude>
    <ClInclude Include="..\Header\CFlyMon.h">
      <Filter>02. GameObject\00. Character\01. Monster\02. FlyMon</Filter>
    </ClInclude>
    <ClInclude Include="..\Header\CWeapon.h">
      <Filter>02. GameObject\02.Weapon</Filter>
    </ClInclude>
    <ClInclude Include="..\Header\CPistol.h">
      <Filter>02. GameObject\02.Weapon\Pistol</Filter>
    </ClInclude>
    <ClInclude Include="..\Header\CBoss.h">
      <Filter>02. GameObject\00. Character\02. Boss</Filter>
    </ClInclude>
    <ClInclude Include="..\Header\CBossTestStage.h">
      <Filter>01. Scene\01. Stage\02. BossTestStage</Filter>
    </ClInclude>
    <ClInclude Include="..\Header\CBossBullet.h">
      <Filter>02. GameObject\10. Bullet\BossBullet</Filter>
    </ClInclude>
    <ClInclude Include="..\header\CHeightMapTerrain.h">
      <Filter>999.Sample</Filter>
    </ClInclude>
    <ClInclude Include="..\Header\CTerrain.h">
      <Filter>02. GameObject\99. Environment\00. Terrain</Filter>
    </ClInclude>
    <ClInclude Include="..\Header\CMapCollider.h">
      <Filter>02. GameObject\11. MapCollider</Filter>
    </ClInclude>
    <ClInclude Include="..\Header\CLoading.h">
      <Filter>01. Scene\02. Loading</Filter>
    </ClInclude>
    <ClInclude Include="..\Header\CBackGround.h">
      <Filter>02. GameObject\98. BackGround</Filter>
    </ClInclude>
    <ClInclude Include="..\Header\CKatana.h">
      <Filter>02. GameObject\02.Weapon\Katana</Filter>
    </ClInclude>
    <ClInclude Include="..\Header\CBaseUI.h">
      <Filter>04.UI\00.BaseUI</Filter>
    </ClInclude>
    <ClInclude Include="..\Header\CPhoneBG.h">
      <Filter>04.UI\01.StaticUI\01.Phone_Back</Filter>
    </ClInclude>
    <ClInclude Include="..\Header\CDynamicCeiling.h">
      <Filter>02. GameObject\99. Environment\00. Terrain\01. Ceiling\DynamicCeiling</Filter>
    </ClInclude>
    <ClInclude Include="..\Header\CDynamicFloor.h">
      <Filter>02. GameObject\99. Environment\00. Terrain\00. Floor\00. DynamicFloor</Filter>
    </ClInclude>
    <ClInclude Include="..\Header\CDynamicWall.h">
      <Filter>02. GameObject\99. Environment\00. Terrain\02. Wall\DynamicWall</Filter>
    </ClInclude>
    <ClInclude Include="..\Header\CTrigger.h">
      <Filter>02. GameObject\12. Trigger</Filter>
    </ClInclude>
    <ClInclude Include="..\Header\CRoomTrigger.h">
      <Filter>02. GameObject\12. Trigger\RoomTrigger</Filter>
    </ClInclude>
    <ClInclude Include="..\Header\CShopBG.h">
      <Filter>04.UI\02.DynamicUI\01.Shop_BG</Filter>
    </ClInclude>
    <ClInclude Include="..\Header\CShopItem.h">
      <Filter>04.UI\01.StaticUI\02.Shop_Item</Filter>
    </ClInclude>
    <ClInclude Include="..\Header\CRocket.h">
      <Filter>02. GameObject\10. Bullet\Rocket</Filter>
    </ClInclude>
    <ClInclude Include="..\Header\CSelectBG.h">
      <Filter>04.UI\01.StaticUI\03.Select_Item</Filter>
    </ClInclude>
    <ClInclude Include="..\Header\CBlood.h">
      <Filter>02. GameObject\13. Effect\00. Blood</Filter>
    </ClInclude>
    <ClInclude Include="..\Header\CTrail.h">
      <Filter>02. GameObject\13. Effect\01. Trail</Filter>
    </ClInclude>
    <ClInclude Include="..\Header\CSlopeFloor.h">
      <Filter>02. GameObject\99. Environment\00. Terrain\00. Floor\01. SlopeFloor</Filter>
    </ClInclude>
    <ClInclude Include="..\Header\CUIManager.h">
      <Filter>04.UI\UIManager</Filter>
    </ClInclude>
    <ClInclude Include="..\Header\CStageBG.h">
      <Filter>04.UI\01.StaticUI\04.Stage_BG</Filter>
    </ClInclude>
    <ClInclude Include="..\Header\CChat.h">
      <Filter>04.UI\02.DynamicUI\02.Chat</Filter>
    </ClInclude>
    <ClInclude Include="..\Header\CMascot.h">
      <Filter>04.UI\02.DynamicUI\03.Mascot</Filter>
    </ClInclude>
    <ClInclude Include="..\Header\CHeart.h">
      <Filter>04.UI\02.DynamicUI\04.Heart</Filter>
    </ClInclude>
    <ClInclude Include="..\Header\CHeartBeat.h">
      <Filter>04.UI\01.StaticUI\05.Heart_Beat</Filter>
    </ClInclude>
    <ClInclude Include="..\Header\CNoise.h">
      <Filter>04.UI\02.DynamicUI\05.Noise</Filter>
    </ClInclude>
    <ClInclude Include="..\Header\CPhonePlayer.h">
      <Filter>04.UI\02.DynamicUI\06.Player_UI</Filter>
    </ClInclude>
    <ClInclude Include="..\Header\CHPUI.h">
      <Filter>04.UI\02.DynamicUI\07.HP_UI</Filter>
    </ClInclude>
    <ClInclude Include="..\Header\CFlare.h">
      <Filter>02. GameObject\13. Effect\02. Flare</Filter>
    </ClInclude>
    <ClInclude Include="..\Header\CExplosion.h">
      <Filter>02. GameObject\13. Effect\03. Explosion</Filter>
    </ClInclude>
    <ClInclude Include="..\Header\CBeamFlare.h">
      <Filter>02. GameObject\13. Effect\04. BeamFlare</Filter>
    </ClInclude>
    <ClInclude Include="..\Header\CBodyEmit.h">
      <Filter>02. GameObject\13. Effect\05. BodyEmit</Filter>
    </ClInclude>
    <ClInclude Include="..\Header\CLoadingEX.h">
      <Filter>01. Scene\02. Loading\00. LoadingEX</Filter>
    </ClInclude>
    <ClInclude Include="..\Header\CHitUI.h">
      <Filter>02. GameObject\13. Effect\06. HitUI</Filter>
    </ClInclude>
    <ClInclude Include="..\Header\CPlusUI.h">
      <Filter>04.UI\01.StaticUI\08.Plus_UI</Filter>
    </ClInclude>
    <ClInclude Include="..\Header\CTextBG.h">
      <Filter>04.UI\01.StaticUI\09.Text_BG</Filter>
    </ClInclude>
    <ClInclude Include="..\Header\CFontUI.h">
      <Filter>04.UI\01.StaticUI\10.Font_UI</Filter>
    </ClInclude>
    <ClInclude Include="..\Header\CTextUI.h">
      <Filter>04.UI\01.StaticUI\06.Text_UI</Filter>
    </ClInclude>
    <ClInclude Include="..\Header\CStageEndTrigger.h">
      <Filter>02. GameObject\12. Trigger\StageEndTrigger</Filter>
    </ClInclude>
    <ClInclude Include="..\Header\CEffectUI.h">
      <Filter>04.UI\01.StaticUI\11.Effect_UI</Filter>
    </ClInclude>
    <ClInclude Include="..\Header\CCursor.h">
      <Filter>04.UI\01.StaticUI\07.Cursor_UI</Filter>
    </ClInclude>
    <ClInclude Include="..\Header\CDashUI.h">
      <Filter>04.UI\02.DynamicUI\09.Dash_UI</Filter>
    </ClInclude>
    <ClInclude Include="..\Header\CTakeDown.h">
      <Filter>04.UI\02.DynamicUI\08. TakeDown</Filter>
    </ClInclude>
    <ClInclude Include="..\Header\CTakeDownBlood.h">
      <Filter>02. GameObject\13. Effect\07. TakeDownBlood</Filter>
    </ClInclude>
    <ClInclude Include="..\Header\CSlotUI.h">
      <Filter>04.UI\01.StaticUI\12.Slot_UI</Filter>
    </ClInclude>
    <ClInclude Include="..\Header\CHudUI.h">
      <Filter>04.UI\01.StaticUI\13.Hud_UI</Filter>
    </ClInclude>
    <ClInclude Include="..\Header\CToonFlash.h">
      <Filter>02. GameObject\13. Effect\08. ToonFlash</Filter>
    </ClInclude>
    <ClInclude Include="..\Header\CToonFog.h">
      <Filter>02. GameObject\13. Effect\09. ToonFog</Filter>
    </ClInclude>
    <ClInclude Include="..\Header\CBossTrail.h">
      <Filter>02. GameObject\13. Effect\10. BossTrail</Filter>
    </ClInclude>
    <ClInclude Include="..\Header\CInteractObject.h">
      <Filter>02. GameObject\03.MapObject\01.InteractiveObj</Filter>
    </ClInclude>
    <ClInclude Include="..\Header\CSoda.h">
      <Filter>02. GameObject\03.MapObject\03.Soda</Filter>
    </ClInclude>
    <ClInclude Include="..\Header\CAxe.h">
      <Filter>02. GameObject\03.MapObject\04.Axe</Filter>
    </ClInclude>
    <ClInclude Include="..\Header\CExtinguisher.h">
      <Filter>02. GameObject\03.MapObject\05.Extinguisher</Filter>
    </ClInclude>
    <ClInclude Include="..\Header\CDoorLeft.h">
      <Filter>02. GameObject\99. Environment\01. Object\00. Door\DoorLeft</Filter>
    </ClInclude>
    <ClInclude Include="..\Header\CDoorRight.h">
      <Filter>02. GameObject\99. Environment\01. Object\00. Door\DoorRight</Filter>
    </ClInclude>
    <ClInclude Include="..\Header\CDoor.h">
      <Filter>02. GameObject\99. Environment\01. Object\00. Door</Filter>
    </ClInclude>
    <ClInclude Include="..\Header\CBossStage.h">
      <Filter>01. Scene\01. Stage\02. BossStage</Filter>
    </ClInclude>
    <ClInclude Include="..\Header\CVendingMachine.h">
      <Filter>02. GameObject\03.MapObject\02.VendingMachine</Filter>
    </ClInclude>
    <ClInclude Include="..\Header\CInfoUI.h">
      <Filter>04.UI\01.StaticUI\14.StageInfo_UI</Filter>
    </ClInclude>
    <ClInclude Include="..\Header\CSodaUI.h">
      <Filter>02. GameObject\13. Effect\11. SodaUI</Filter>
    </ClInclude>
    <ClInclude Include="..\Header\CLogo.h">
      <Filter>01. Scene\03. Logo</Filter>
    </ClInclude>
    <ClInclude Include="..\Header\CEnding.h">
      <Filter>01. Scene\04. Ending</Filter>
    </ClInclude>
    <ClInclude Include="..\Header\CBossHPUI.h">
      <Filter>02. GameObject\13. Effect\12. BossHPUI</Filter>
    </ClInclude>
    <ClInclude Include="..\Header\CPhoneHPUI.h">
      <Filter>02. GameObject\13. Effect\13.PhoneHPUI</Filter>
    </ClInclude>
    <ClInclude Include="..\Header\CLoadingBar.h">
      <Filter>01. Scene\02. Loading\01.LoadingBar</Filter>
    </ClInclude>
    <ClInclude Include="..\Header\CDisplayObject.h">
      <Filter>02. GameObject\03.MapObject\00.DisPlayObj</Filter>
    </ClInclude>
    <ClInclude Include="..\Header\CSniperStage.h">
      <Filter>01. Scene\01. Stage\03. SniperStage</Filter>
    </ClInclude>
    <ClInclude Include="..\Header\CRoadStage.h">
      <Filter>01. Scene\01. Stage\04. RoadStage</Filter>
    </ClInclude>
    <ClInclude Include="..\Header\CRoadPlayer.h">
      <Filter>02. GameObject\00. Character\04. RoadPlayer</Filter>
    </ClInclude>
    <ClInclude Include="..\Header\CMinigun.h">
      <Filter>02. GameObject\00. Character\04. RoadPlayer\05.Minigun</Filter>
    </ClInclude>
    <ClInclude Include="..\Header\CPannel.h">
      <Filter>02. GameObject\00. Character\04. RoadPlayer\05.Minigun\Pannel</Filter>
    </ClInclude>
    <ClInclude Include="..\Header\CChain.h">
      <Filter>02. GameObject\00. Character\04. RoadPlayer\05.Minigun\Chain</Filter>
    </ClInclude>
    <ClInclude Include="..\Header\CRoadCamera.h">
      <Filter>02. GameObject\01. FirstCamera\02.RoadCamera</Filter>
    </ClInclude>
    <ClInclude Include="..\Header\CPlayerBullet.h">
      <Filter>02. GameObject\10. Bullet\PlayerBullet</Filter>
    </ClInclude>
    <ClInclude Include="..\Header\CSniperPlayer.h">
      <Filter>02. GameObject\00. Character\04. SniperPlayer</Filter>
    </ClInclude>
    <ClInclude Include="..\Header\CSniferCamera.h">
      <Filter>02. GameObject\00. Character\04. SniperPlayer\00. SniperCamera</Filter>
    </ClInclude>
    <ClInclude Include="..\Header\CSRightHand.h">
      <Filter>02. GameObject\00. Character\04. SniperPlayer\00. SniperCamera\00.SRightHand</Filter>
    </ClInclude>
    <ClInclude Include="..\Header\CSLeftHand.h">
      <Filter>02. GameObject\00. Character\04. SniperPlayer\00. SniperCamera\01.SLeftHand</Filter>
    </ClInclude>
    <ClInclude Include="..\Header\CSniperUI.h">
      <Filter>04.UI\01.StaticUI\15. SniperUI</Filter>
    </ClInclude>
    <ClInclude Include="..\Header\CSniperWhiteMan.h">
      <Filter>02. GameObject\00. Character\01. Monster\03. SniperWhiteMan</Filter>
    </ClInclude>
    <ClInclude Include="..\Header\CDisplayCubeObject.h">
      <Filter>02. GameObject\03.MapObject\00.DisPlayObj\DisplayCubeObj</Filter>
    </ClInclude>
	<ClInclude Include="..\Header\CCredit.h">
      <Filter>01. Scene\05.Credits</Filter>
    </ClInclude>
    <ClInclude Include="..\Header\CWindow.h">
      <Filter>02. GameObject\03.MapObject\06. Window</Filter>
    </ClInclude>
  </ItemGroup>
  <ItemGroup>
    <ClCompile Include="Client.cpp">
      <Filter>소스 파일</Filter>
    </ClCompile>
    <ClCompile Include="..\Code\CMainApp.cpp">
      <Filter>00. MainApp</Filter>
    </ClCompile>
    <ClCompile Include="..\Code\CStage.cpp">
      <Filter>01. Scene\01. Stage</Filter>
    </ClCompile>
    <ClCompile Include="..\Code\CCharacter.cpp">
      <Filter>02. GameObject\00. Character</Filter>
    </ClCompile>
    <ClCompile Include="..\Code\CTestCharacter.cpp">
      <Filter>02. GameObject\00. Character\99. TestCharacter</Filter>
    </ClCompile>
    <ClCompile Include="..\Code\CMonster.cpp">
      <Filter>02. GameObject\00. Character\01. Monster</Filter>
    </ClCompile>
    <ClCompile Include="..\Code\CWhiteMan.cpp">
      <Filter>02. GameObject\00. Character\01. Monster\00. WhiteMan</Filter>
    </ClCompile>
    <ClCompile Include="..\Code\CFirstCamera.cpp">
      <Filter>02. GameObject\01. FirstCamera</Filter>
    </ClCompile>
    <ClCompile Include="..\Code\CLeftPart.cpp">
      <Filter>02. GameObject\00. Character\00. Player\01.LeftPart</Filter>
    </ClCompile>
    <ClCompile Include="..\Code\CMiddlePart.cpp">
      <Filter>02. GameObject\00. Character\00. Player\03.Middle</Filter>
    </ClCompile>
    <ClCompile Include="..\Code\CPlayerPart.cpp">
      <Filter>02. GameObject\00. Character\00. Player\00.PlayerPart</Filter>
    </ClCompile>
    <ClCompile Include="..\Code\CRightPart.cpp">
      <Filter>02. GameObject\00. Character\00. Player\02.RightPart</Filter>
    </ClCompile>
    <ClCompile Include="..\Code\CSkyBox.cpp">
      <Filter>999.Sample</Filter>
    </ClCompile>
    <ClCompile Include="..\Code\CMapStage.cpp">
      <Filter>01. Scene\01. Stage\01. MapStage</Filter>
    </ClCompile>
    <ClCompile Include="..\Code\CFloor.cpp">
      <Filter>02. GameObject\99. Environment\00. Terrain\00. Floor</Filter>
    </ClCompile>
    <ClCompile Include="..\Code\CCeiling.cpp">
      <Filter>02. GameObject\99. Environment\00. Terrain\01. Ceiling</Filter>
    </ClCompile>
    <ClCompile Include="..\Code\CWall.cpp">
      <Filter>02. GameObject\99. Environment\00. Terrain\02. Wall</Filter>
    </ClCompile>
    <ClCompile Include="..\Code\CObstacle.cpp">
      <Filter>02. GameObject\99. Environment\01. Object\03. Obstacle</Filter>
    </ClCompile>
    <ClCompile Include="..\Code\CMapLoader.cpp">
      <Filter>03. Manager%28Hojun%29\00. MapLoader</Filter>
    </ClCompile>
    <ClCompile Include="..\Code\CBullet.cpp">
      <Filter>02. GameObject\10. Bullet</Filter>
    </ClCompile>
    <ClCompile Include="..\Code\CBeamMon.cpp">
      <Filter>02. GameObject\00. Character\01. Monster\01. BeamMon</Filter>
    </ClCompile>
    <ClCompile Include="..\Code\CBeam.cpp">
      <Filter>02. GameObject\00. Character\01. Monster\01. BeamMon\Beam</Filter>
    </ClCompile>
    <ClCompile Include="..\Code\CFlyMon.cpp">
      <Filter>02. GameObject\00. Character\01. Monster\02. FlyMon</Filter>
    </ClCompile>
    <ClCompile Include="..\Code\CWeapon.cpp">
      <Filter>02. GameObject\02.Weapon</Filter>
    </ClCompile>
    <ClCompile Include="pch.cpp">
      <Filter>소스 파일</Filter>
    </ClCompile>
    <ClCompile Include="..\Code\CPistol.cpp">
      <Filter>02. GameObject\02.Weapon\Pistol</Filter>
    </ClCompile>
    <ClCompile Include="..\Code\CBoss.cpp">
      <Filter>02. GameObject\00. Character\02. Boss</Filter>
    </ClCompile>
    <ClCompile Include="..\Code\CBossTestStage.cpp">
      <Filter>01. Scene\01. Stage\02. BossTestStage</Filter>
    </ClCompile>
    <ClCompile Include="..\Code\CBossBullet.cpp">
      <Filter>02. GameObject\10. Bullet\BossBullet</Filter>
    </ClCompile>
    <ClCompile Include="..\Code\CHeightMapTerrain.cpp">
      <Filter>999.Sample</Filter>
    </ClCompile>
    <ClCompile Include="..\Code\CTerrain.cpp">
      <Filter>02. GameObject\99. Environment\00. Terrain</Filter>
    </ClCompile>
    <ClCompile Include="..\Code\CMapCollider.cpp">
      <Filter>02. GameObject\11. MapCollider</Filter>
    </ClCompile>
    <ClCompile Include="..\Code\CLoading.cpp">
      <Filter>01. Scene\02. Loading</Filter>
    </ClCompile>
    <ClCompile Include="..\Code\CBackGround.cpp">
      <Filter>02. GameObject\98. BackGround</Filter>
    </ClCompile>
    <ClCompile Include="..\Code\CKatana.cpp">
      <Filter>02. GameObject\02.Weapon\Katana</Filter>
    </ClCompile>
    <ClCompile Include="..\Code\CBaseUI.cpp">
      <Filter>04.UI\00.BaseUI</Filter>
    </ClCompile>
    <ClCompile Include="..\Code\CPhoneBG.cpp">
      <Filter>04.UI\01.StaticUI\01.Phone_Back</Filter>
    </ClCompile>
    <ClCompile Include="..\Code\CPlayer.cpp">
      <Filter>02. GameObject\00. Character\00. Player</Filter>
    </ClCompile>
    <ClCompile Include="..\Code\CDynamicCeiling.cpp">
      <Filter>02. GameObject\99. Environment\00. Terrain\01. Ceiling\DynamicCeiling</Filter>
    </ClCompile>
    <ClCompile Include="..\Code\CDynamicFloor.cpp">
      <Filter>02. GameObject\99. Environment\00. Terrain\00. Floor\00. DynamicFloor</Filter>
    </ClCompile>
    <ClCompile Include="..\Code\CDynamicWall.cpp">
      <Filter>02. GameObject\99. Environment\00. Terrain\02. Wall\DynamicWall</Filter>
    </ClCompile>
    <ClCompile Include="..\Code\CTrigger.cpp">
      <Filter>02. GameObject\12. Trigger</Filter>
    </ClCompile>
    <ClCompile Include="..\Code\CRoomTrigger.cpp">
      <Filter>02. GameObject\12. Trigger\RoomTrigger</Filter>
    </ClCompile>
    <ClCompile Include="..\Code\CShopBG.cpp">
      <Filter>04.UI\02.DynamicUI\01.Shop_BG</Filter>
    </ClCompile>
    <ClCompile Include="..\Code\CShopItem.cpp">
      <Filter>04.UI\01.StaticUI\02.Shop_Item</Filter>
    </ClCompile>
    <ClCompile Include="..\Code\CRocket.cpp">
      <Filter>02. GameObject\10. Bullet\Rocket</Filter>
    </ClCompile>
    <ClCompile Include="..\Code\CSelectBG.cpp">
      <Filter>04.UI\01.StaticUI\03.Select_Item</Filter>
    </ClCompile>
    <ClCompile Include="..\Code\CSlopeFloor.cpp">
      <Filter>02. GameObject\99. Environment\00. Terrain\00. Floor\01. SlopeFloor</Filter>
    </ClCompile>
    <ClCompile Include="..\Code\CBlood.cpp">
      <Filter>02. GameObject\13. Effect\00. Blood</Filter>
    </ClCompile>
    <ClCompile Include="..\Code\CTrail.cpp">
      <Filter>02. GameObject\13. Effect\01. Trail</Filter>
    </ClCompile>
    <ClCompile Include="..\Code\CUIManager.cpp">
      <Filter>04.UI\UIManager</Filter>
    </ClCompile>
    <ClCompile Include="..\Code\CStageBG.cpp">
      <Filter>04.UI\01.StaticUI\04.Stage_BG</Filter>
    </ClCompile>
    <ClCompile Include="..\Code\CChat.cpp">
      <Filter>04.UI\02.DynamicUI\02.Chat</Filter>
    </ClCompile>
    <ClCompile Include="..\Code\CMascot.cpp">
      <Filter>04.UI\02.DynamicUI\03.Mascot</Filter>
    </ClCompile>
    <ClCompile Include="..\Code\CHeart.cpp">
      <Filter>04.UI\02.DynamicUI\04.Heart</Filter>
    </ClCompile>
    <ClCompile Include="..\Code\CHeartBeat.cpp">
      <Filter>04.UI\01.StaticUI\05.Heart_Beat</Filter>
    </ClCompile>
    <ClCompile Include="..\Code\CNoise.cpp">
      <Filter>04.UI\02.DynamicUI\05.Noise</Filter>
    </ClCompile>
    <ClCompile Include="..\Code\CPhonePlayer.cpp">
      <Filter>04.UI\02.DynamicUI\06.Player_UI</Filter>
    </ClCompile>
    <ClCompile Include="..\Code\CHPUI.cpp">
      <Filter>04.UI\02.DynamicUI\07.HP_UI</Filter>
    </ClCompile>
    <ClCompile Include="..\Code\CFlare.cpp">
      <Filter>02. GameObject\13. Effect\02. Flare</Filter>
    </ClCompile>
    <ClCompile Include="..\Code\CExplosion.cpp">
      <Filter>02. GameObject\13. Effect\03. Explosion</Filter>
    </ClCompile>
    <ClCompile Include="..\Code\CBeamFlare.cpp">
      <Filter>02. GameObject\13. Effect\04. BeamFlare</Filter>
    </ClCompile>
    <ClCompile Include="..\Code\CBodyEmit.cpp">
      <Filter>02. GameObject\13. Effect\05. BodyEmit</Filter>
    </ClCompile>
    <ClCompile Include="..\Code\CBossStage.cpp">
      <Filter>01. Scene\01. Stage\02. BossStage</Filter>
    </ClCompile>
    <ClCompile Include="..\Code\CLoadingEX.cpp">
      <Filter>01. Scene\02. Loading\00. LoadingEX</Filter>
    </ClCompile>
    <ClCompile Include="..\Code\CHitUI.cpp">
      <Filter>02. GameObject\13. Effect\06. HitUI</Filter>
    </ClCompile>
    <ClCompile Include="..\Code\CPlusUI.cpp">
      <Filter>04.UI\01.StaticUI\08.Plus_UI</Filter>
    </ClCompile>
    <ClCompile Include="..\Code\CTextBG.cpp">
      <Filter>04.UI\01.StaticUI\09.Text_BG</Filter>
    </ClCompile>
    <ClCompile Include="..\Code\CFontUI.cpp">
      <Filter>04.UI\01.StaticUI\10.Font_UI</Filter>
    </ClCompile>
    <ClCompile Include="..\Code\CTextUI.cpp">
      <Filter>04.UI\01.StaticUI\06.Text_UI</Filter>
    </ClCompile>
    <ClCompile Include="..\Code\CStageEndTrigger.cpp">
      <Filter>02. GameObject\12. Trigger\StageEndTrigger</Filter>
    </ClCompile>
    <ClCompile Include="..\Code\CEffectUI.cpp">
      <Filter>04.UI\01.StaticUI\11.Effect_UI</Filter>
    </ClCompile>
    <ClCompile Include="..\Code\CCursor.cpp">
      <Filter>04.UI\01.StaticUI\07.Cursor_UI</Filter>
    </ClCompile>
    <ClCompile Include="..\Code\CDashUI.cpp">
      <Filter>04.UI\02.DynamicUI\09.Dash_UI</Filter>
    </ClCompile>
    <ClCompile Include="..\Code\CTakeDown.cpp">
      <Filter>04.UI\02.DynamicUI\08. TakeDown</Filter>
    </ClCompile>
    <ClCompile Include="..\Code\CTakeDownBlood.cpp">
      <Filter>02. GameObject\13. Effect\07. TakeDownBlood</Filter>
    </ClCompile>
    <ClCompile Include="..\Code\CSlotUI.cpp">
      <Filter>04.UI\01.StaticUI\12.Slot_UI</Filter>
    </ClCompile>
    <ClCompile Include="..\Code\CHudUI.cpp">
      <Filter>04.UI\01.StaticUI\13.Hud_UI</Filter>
    </ClCompile>
    <ClCompile Include="..\Code\CToonFlash.cpp">
      <Filter>02. GameObject\13. Effect\08. ToonFlash</Filter>
    </ClCompile>
    <ClCompile Include="..\Code\CToonFog.cpp">
      <Filter>02. GameObject\13. Effect\09. ToonFog</Filter>
    </ClCompile>
    <ClCompile Include="..\Code\CBossTrail.cpp">
      <Filter>02. GameObject\13. Effect\10. BossTrail</Filter>
    </ClCompile>
    <ClCompile Include="..\Code\CInteractObject.cpp">
      <Filter>02. GameObject\03.MapObject\01.InteractiveObj</Filter>
    </ClCompile>
    <ClCompile Include="..\Code\CSoda.cpp">
      <Filter>02. GameObject\03.MapObject\03.Soda</Filter>
    </ClCompile>
    <ClCompile Include="..\Code\CAxe.cpp">
      <Filter>02. GameObject\03.MapObject\04.Axe</Filter>
    </ClCompile>
    <ClCompile Include="..\Code\CExtinguisher.cpp">
      <Filter>02. GameObject\03.MapObject\05.Extinguisher</Filter>
    </ClCompile>
    <ClCompile Include="..\Code\CDoorLeft.cpp">
      <Filter>02. GameObject\99. Environment\01. Object\00. Door\DoorLeft</Filter>
    </ClCompile>
    <ClCompile Include="..\Code\CDoorRight.cpp">
      <Filter>02. GameObject\99. Environment\01. Object\00. Door\DoorRight</Filter>
    </ClCompile>
    <ClCompile Include="..\Code\CDoor.cpp">
      <Filter>02. GameObject\99. Environment\01. Object\00. Door</Filter>
    </ClCompile>
    <ClCompile Include="..\Code\CVendingMachine.cpp">
      <Filter>02. GameObject\03.MapObject\02.VendingMachine</Filter>
    </ClCompile>
    <ClCompile Include="..\Code\CInfoUI.cpp">
      <Filter>04.UI\01.StaticUI\14.StageInfo_UI</Filter>
    </ClCompile>
    <ClCompile Include="..\Code\CSodaUI.cpp">
      <Filter>02. GameObject\13. Effect\11. SodaUI</Filter>
    </ClCompile>
    <ClCompile Include="..\Code\CLogo.cpp">
      <Filter>01. Scene\03. Logo</Filter>
    </ClCompile>
    <ClCompile Include="..\Code\CEnding.cpp">
      <Filter>01. Scene\04. Ending</Filter>
    </ClCompile>
    <ClCompile Include="..\Code\CBossHPUI.cpp">
      <Filter>02. GameObject\13. Effect\12. BossHPUI</Filter>
    </ClCompile>
    <ClCompile Include="..\Code\CPhoneHPUI.cpp">
      <Filter>02. GameObject\13. Effect\13.PhoneHPUI</Filter>
    </ClCompile>
    <ClCompile Include="..\Code\CLoadingBar.cpp">
      <Filter>01. Scene\02. Loading\01.LoadingBar</Filter>
    </ClCompile>
    <ClCompile Include="..\Code\CDisplayObject.cpp">
      <Filter>02. GameObject\03.MapObject\00.DisPlayObj</Filter>
    </ClCompile>
    <ClCompile Include="..\Code\CSniperStage.cpp">
      <Filter>01. Scene\01. Stage\03. SniperStage</Filter>
    </ClCompile>
    <ClCompile Include="..\Code\CRoadStage.cpp">
      <Filter>01. Scene\01. Stage\04. RoadStage</Filter>
    </ClCompile>
    <ClCompile Include="..\Code\CRoadPlayer.cpp">
      <Filter>02. GameObject\00. Character\04. RoadPlayer</Filter>
    </ClCompile>
    <ClCompile Include="..\Code\CMinigun.cpp">
      <Filter>02. GameObject\00. Character\04. RoadPlayer\05.Minigun</Filter>
    </ClCompile>
    <ClCompile Include="..\Code\CPannel.cpp">
      <Filter>02. GameObject\00. Character\04. RoadPlayer\05.Minigun\Pannel</Filter>
    </ClCompile>
    <ClCompile Include="..\Code\CChain.cpp">
      <Filter>02. GameObject\00. Character\04. RoadPlayer\05.Minigun\Chain</Filter>
    </ClCompile>
    <ClCompile Include="..\Code\CRoadCamera.cpp">
      <Filter>02. GameObject\01. FirstCamera\02.RoadCamera</Filter>
    </ClCompile>
    <ClCompile Include="..\Code\CPlayerBullet.cpp">
      <Filter>02. GameObject\10. Bullet\PlayerBullet</Filter>
    </ClCompile>
    <ClCompile Include="..\Code\CSniperPlayer.cpp">
      <Filter>02. GameObject\00. Character\04. SniperPlayer</Filter>
    </ClCompile>
    <ClCompile Include="..\Code\CSniferCamera.cpp">
      <Filter>02. GameObject\00. Character\04. SniperPlayer\00. SniperCamera</Filter>
    </ClCompile>
    <ClCompile Include="..\Code\CSRightHand.cpp">
      <Filter>02. GameObject\00. Character\04. SniperPlayer\00. SniperCamera\00.SRightHand</Filter>
    </ClCompile>
    <ClCompile Include="..\Code\CSLeftHand.cpp">
      <Filter>02. GameObject\00. Character\04. SniperPlayer\00. SniperCamera\01.SLeftHand</Filter>
    </ClCompile>
    <ClCompile Include="..\Code\CSniperUI.cpp">
      <Filter>04.UI\01.StaticUI\15. SniperUI</Filter>
    </ClCompile>
    <ClCompile Include="..\Code\CSniperWhiteMan.cpp">
      <Filter>02. GameObject\00. Character\01. Monster\03. SniperWhiteMan</Filter>
    </ClCompile>
    <ClCompile Include="..\Code\CDisplayCubeObject.cpp">
      <Filter>02. GameObject\03.MapObject\00.DisPlayObj\DisplayCubeObj</Filter>
    </ClCompile>
	<ClCompile Include="..\Code\CCredit.cpp">
      <Filter>01. Scene\05.Credits</Filter>
    </ClCompile>
    <ClCompile Include="..\Code\CWindow.cpp">
      <Filter>02. GameObject\03.MapObject\06. Window</Filter>
    </ClCompile>
  </ItemGroup>
  <ItemGroup>
    <ResourceCompile Include="Client.rc">
      <Filter>리소스 파일</Filter>
    </ResourceCompile>
  </ItemGroup>
  <ItemGroup>
    <Image Include="small.ico">
      <Filter>리소스 파일</Filter>
    </Image>
    <Image Include="Client.ico">
      <Filter>리소스 파일</Filter>
    </Image>
  </ItemGroup>
</Project>